// !$*UTF8*$!
{
	archiveVersion = 1;
	classes = {
	};
	objectVersion = 55;
	objects = {

/* Begin PBXBuildFile section */
		D67719FF27EF1C7C005351F4 /* SnowSeekerApp.swift in Sources */ = {isa = PBXBuildFile; fileRef = D67719FE27EF1C7C005351F4 /* SnowSeekerApp.swift */; };
		D6771A0127EF1C7C005351F4 /* AdaptiveLayoutView.swift in Sources */ = {isa = PBXBuildFile; fileRef = D6771A0027EF1C7C005351F4 /* AdaptiveLayoutView.swift */; };
		D6771A0327EF1C7E005351F4 /* Assets.xcassets in Resources */ = {isa = PBXBuildFile; fileRef = D6771A0227EF1C7E005351F4 /* Assets.xcassets */; };
		D6771A0627EF1C7E005351F4 /* Preview Assets.xcassets in Resources */ = {isa = PBXBuildFile; fileRef = D6771A0527EF1C7E005351F4 /* Preview Assets.xcassets */; };
		D6771A0D27EF1F48005351F4 /* User.swift in Sources */ = {isa = PBXBuildFile; fileRef = D6771A0C27EF1F48005351F4 /* User.swift */; };
		D6771A0F27EF2045005351F4 /* LayoutViaGroupView.swift in Sources */ = {isa = PBXBuildFile; fileRef = D6771A0E27EF2045005351F4 /* LayoutViaGroupView.swift */; };
		D6771A1227EF2117005351F4 /* SizeClassLayoutView.swift in Sources */ = {isa = PBXBuildFile; fileRef = D6771A1127EF2117005351F4 /* SizeClassLayoutView.swift */; };
		D6771A1427EF2175005351F4 /* SearchableView.swift in Sources */ = {isa = PBXBuildFile; fileRef = D6771A1327EF2175005351F4 /* SearchableView.swift */; };
		D6771A1627EF3173005351F4 /* ContentView.swift in Sources */ = {isa = PBXBuildFile; fileRef = D6771A1527EF3173005351F4 /* ContentView.swift */; };
		D6771A1827EF3277005351F4 /* resorts.json in Resources */ = {isa = PBXBuildFile; fileRef = D6771A1727EF3277005351F4 /* resorts.json */; };
		D6771A1A27EF3304005351F4 /* Resort.swift in Sources */ = {isa = PBXBuildFile; fileRef = D6771A1927EF3304005351F4 /* Resort.swift */; };
		D6771A1C27EF3340005351F4 /* Bundle+Decodable.swift in Sources */ = {isa = PBXBuildFile; fileRef = D6771A1B27EF3340005351F4 /* Bundle+Decodable.swift */; };
		D6771A1E27EF3572005351F4 /* WelcomeView.swift in Sources */ = {isa = PBXBuildFile; fileRef = D6771A1D27EF3572005351F4 /* WelcomeView.swift */; };
		D6771A2027EF361B005351F4 /* View+DeviceSpecificLayout.swift in Sources */ = {isa = PBXBuildFile; fileRef = D6771A1F27EF361B005351F4 /* View+DeviceSpecificLayout.swift */; };
		D6771A2227F044B6005351F4 /* ResortView.swift in Sources */ = {isa = PBXBuildFile; fileRef = D6771A2127F044B6005351F4 /* ResortView.swift */; };
		D6771A2427F045A3005351F4 /* SkiDetailsView.swift in Sources */ = {isa = PBXBuildFile; fileRef = D6771A2327F045A3005351F4 /* SkiDetailsView.swift */; };
		D6771A2627F0467B005351F4 /* ResortDetailsView.swift in Sources */ = {isa = PBXBuildFile; fileRef = D6771A2527F0467B005351F4 /* ResortDetailsView.swift */; };
		D6771A2827F04C10005351F4 /* Facility.swift in Sources */ = {isa = PBXBuildFile; fileRef = D6771A2727F04C10005351F4 /* Facility.swift */; };
		D6771A2A27F055F7005351F4 /* Favorites.swift in Sources */ = {isa = PBXBuildFile; fileRef = D6771A2927F055F6005351F4 /* Favorites.swift */; };
/* End PBXBuildFile section */

/* Begin PBXFileReference section */
		D67719FB27EF1C7C005351F4 /* SnowSeeker.app */ = {isa = PBXFileReference; explicitFileType = wrapper.application; includeInIndex = 0; path = SnowSeeker.app; sourceTree = BUILT_PRODUCTS_DIR; };
		D67719FE27EF1C7C005351F4 /* SnowSeekerApp.swift */ = {isa = PBXFileReference; lastKnownFileType = sourcecode.swift; path = SnowSeekerApp.swift; sourceTree = "<group>"; };
		D6771A0027EF1C7C005351F4 /* AdaptiveLayoutView.swift */ = {isa = PBXFileReference; lastKnownFileType = sourcecode.swift; path = AdaptiveLayoutView.swift; sourceTree = "<group>"; };
		D6771A0227EF1C7E005351F4 /* Assets.xcassets */ = {isa = PBXFileReference; lastKnownFileType = folder.assetcatalog; path = Assets.xcassets; sourceTree = "<group>"; };
		D6771A0527EF1C7E005351F4 /* Preview Assets.xcassets */ = {isa = PBXFileReference; lastKnownFileType = folder.assetcatalog; path = "Preview Assets.xcassets"; sourceTree = "<group>"; };
		D6771A0C27EF1F48005351F4 /* User.swift */ = {isa = PBXFileReference; lastKnownFileType = sourcecode.swift; path = User.swift; sourceTree = "<group>"; };
		D6771A0E27EF2045005351F4 /* LayoutViaGroupView.swift */ = {isa = PBXFileReference; lastKnownFileType = sourcecode.swift; path = LayoutViaGroupView.swift; sourceTree = "<group>"; };
		D6771A1127EF2117005351F4 /* SizeClassLayoutView.swift */ = {isa = PBXFileReference; lastKnownFileType = sourcecode.swift; path = SizeClassLayoutView.swift; sourceTree = "<group>"; };
		D6771A1327EF2175005351F4 /* SearchableView.swift */ = {isa = PBXFileReference; lastKnownFileType = sourcecode.swift; path = SearchableView.swift; sourceTree = "<group>"; };
		D6771A1527EF3173005351F4 /* ContentView.swift */ = {isa = PBXFileReference; lastKnownFileType = sourcecode.swift; path = ContentView.swift; sourceTree = "<group>"; };
		D6771A1727EF3277005351F4 /* resorts.json */ = {isa = PBXFileReference; fileEncoding = 4; lastKnownFileType = text.json; path = resorts.json; sourceTree = "<group>"; };
		D6771A1927EF3304005351F4 /* Resort.swift */ = {isa = PBXFileReference; lastKnownFileType = sourcecode.swift; path = Resort.swift; sourceTree = "<group>"; };
		D6771A1B27EF3340005351F4 /* Bundle+Decodable.swift */ = {isa = PBXFileReference; lastKnownFileType = sourcecode.swift; path = "Bundle+Decodable.swift"; sourceTree = "<group>"; };
		D6771A1D27EF3572005351F4 /* WelcomeView.swift */ = {isa = PBXFileReference; lastKnownFileType = sourcecode.swift; path = WelcomeView.swift; sourceTree = "<group>"; };
		D6771A1F27EF361B005351F4 /* View+DeviceSpecificLayout.swift */ = {isa = PBXFileReference; lastKnownFileType = sourcecode.swift; path = "View+DeviceSpecificLayout.swift"; sourceTree = "<group>"; };
		D6771A2127F044B6005351F4 /* ResortView.swift */ = {isa = PBXFileReference; lastKnownFileType = sourcecode.swift; path = ResortView.swift; sourceTree = "<group>"; };
		D6771A2327F045A3005351F4 /* SkiDetailsView.swift */ = {isa = PBXFileReference; lastKnownFileType = sourcecode.swift; path = SkiDetailsView.swift; sourceTree = "<group>"; };
		D6771A2527F0467B005351F4 /* ResortDetailsView.swift */ = {isa = PBXFileReference; lastKnownFileType = sourcecode.swift; path = ResortDetailsView.swift; sourceTree = "<group>"; };
		D6771A2727F04C10005351F4 /* Facility.swift */ = {isa = PBXFileReference; lastKnownFileType = sourcecode.swift; path = Facility.swift; sourceTree = "<group>"; };
		D6771A2927F055F6005351F4 /* Favorites.swift */ = {isa = PBXFileReference; lastKnownFileType = sourcecode.swift; path = Favorites.swift; sourceTree = "<group>"; };
/* End PBXFileReference section */

/* Begin PBXFrameworksBuildPhase section */
		D67719F827EF1C7C005351F4 /* Frameworks */ = {
			isa = PBXFrameworksBuildPhase;
			buildActionMask = 2147483647;
			files = (
			);
			runOnlyForDeploymentPostprocessing = 0;
		};
/* End PBXFrameworksBuildPhase section */

/* Begin PBXGroup section */
		D6340CEA27F2FACC00B52E8E /* Views */ = {
			isa = PBXGroup;
			children = (
				D6771A1527EF3173005351F4 /* ContentView.swift */,
				D6771A2527F0467B005351F4 /* ResortDetailsView.swift */,
				D6771A2127F044B6005351F4 /* ResortView.swift */,
				D6771A2327F045A3005351F4 /* SkiDetailsView.swift */,
				D6771A1D27EF3572005351F4 /* WelcomeView.swift */,
			);
			path = Views;
			sourceTree = "<group>";
		};
		D6340CEB27F2FAE800B52E8E /* Models */ = {
			isa = PBXGroup;
			children = (
				D6771A2727F04C10005351F4 /* Facility.swift */,
				D6771A2927F055F6005351F4 /* Favorites.swift */,
				D6771A1927EF3304005351F4 /* Resort.swift */,
			);
			path = Models;
			sourceTree = "<group>";
		};
		D6340CEC27F2FB0E00B52E8E /* Helpers */ = {
			isa = PBXGroup;
			children = (
				D6771A1B27EF3340005351F4 /* Bundle+Decodable.swift */,
				D6771A1F27EF361B005351F4 /* View+DeviceSpecificLayout.swift */,
			);
			path = Helpers;
			sourceTree = "<group>";
		};
		D6340CED27F2FB2100B52E8E /* Resources */ = {
			isa = PBXGroup;
			children = (
				D6771A1727EF3277005351F4 /* resorts.json */,
				D6771A0227EF1C7E005351F4 /* Assets.xcassets */,
			);
			path = Resources;
			sourceTree = "<group>";
		};
		D67719F227EF1C7C005351F4 = {
			isa = PBXGroup;
			children = (
				D67719FD27EF1C7C005351F4 /* SnowSeeker */,
				D67719FC27EF1C7C005351F4 /* Products */,
			);
			sourceTree = "<group>";
		};
		D67719FC27EF1C7C005351F4 /* Products */ = {
			isa = PBXGroup;
			children = (
				D67719FB27EF1C7C005351F4 /* SnowSeeker.app */,
			);
			name = Products;
			sourceTree = "<group>";
		};
		D67719FD27EF1C7C005351F4 /* SnowSeeker */ = {
			isa = PBXGroup;
			children = (
				D67719FE27EF1C7C005351F4 /* SnowSeekerApp.swift */,
				D6340CEA27F2FACC00B52E8E /* Views */,
				D6340CEB27F2FAE800B52E8E /* Models */,
				D6340CEC27F2FB0E00B52E8E /* Helpers */,
				D6771A1027EF20D8005351F4 /* Examples */,
				D6340CED27F2FB2100B52E8E /* Resources */,
				D6771A0427EF1C7E005351F4 /* Preview Content */,
			);
			path = SnowSeeker;
			sourceTree = "<group>";
		};
		D6771A0427EF1C7E005351F4 /* Preview Content */ = {
			isa = PBXGroup;
			children = (
				D6771A0527EF1C7E005351F4 /* Preview Assets.xcassets */,
			);
			path = "Preview Content";
			sourceTree = "<group>";
		};
		D6771A1027EF20D8005351F4 /* Examples */ = {
			isa = PBXGroup;
			children = (
				D6771A0027EF1C7C005351F4 /* AdaptiveLayoutView.swift */,
				D6771A0E27EF2045005351F4 /* LayoutViaGroupView.swift */,
				D6771A1327EF2175005351F4 /* SearchableView.swift */,
				D6771A1127EF2117005351F4 /* SizeClassLayoutView.swift */,
				D6771A0C27EF1F48005351F4 /* User.swift */,
			);
			path = Examples;
			sourceTree = "<group>";
		};
/* End PBXGroup section */

/* Begin PBXNativeTarget section */
		D67719FA27EF1C7C005351F4 /* SnowSeeker */ = {
			isa = PBXNativeTarget;
			buildConfigurationList = D6771A0927EF1C7E005351F4 /* Build configuration list for PBXNativeTarget "SnowSeeker" */;
			buildPhases = (
				D67719F727EF1C7C005351F4 /* Sources */,
				D67719F827EF1C7C005351F4 /* Frameworks */,
				D67719F927EF1C7C005351F4 /* Resources */,
			);
			buildRules = (
			);
			dependencies = (
			);
			name = SnowSeeker;
			productName = SnowSeeker;
			productReference = D67719FB27EF1C7C005351F4 /* SnowSeeker.app */;
			productType = "com.apple.product-type.application";
		};
/* End PBXNativeTarget section */

/* Begin PBXProject section */
		D67719F327EF1C7C005351F4 /* Project object */ = {
			isa = PBXProject;
			attributes = {
				BuildIndependentTargetsInParallel = 1;
				LastSwiftUpdateCheck = 1320;
				LastUpgradeCheck = 1320;
				TargetAttributes = {
					D67719FA27EF1C7C005351F4 = {
						CreatedOnToolsVersion = 13.2.1;
					};
				};
			};
			buildConfigurationList = D67719F627EF1C7C005351F4 /* Build configuration list for PBXProject "SnowSeeker" */;
			compatibilityVersion = "Xcode 13.0";
			developmentRegion = en;
			hasScannedForEncodings = 0;
			knownRegions = (
				en,
				Base,
			);
			mainGroup = D67719F227EF1C7C005351F4;
			productRefGroup = D67719FC27EF1C7C005351F4 /* Products */;
			projectDirPath = "";
			projectRoot = "";
			targets = (
				D67719FA27EF1C7C005351F4 /* SnowSeeker */,
			);
		};
/* End PBXProject section */

/* Begin PBXResourcesBuildPhase section */
		D67719F927EF1C7C005351F4 /* Resources */ = {
			isa = PBXResourcesBuildPhase;
			buildActionMask = 2147483647;
			files = (
				D6771A1827EF3277005351F4 /* resorts.json in Resources */,
				D6771A0627EF1C7E005351F4 /* Preview Assets.xcassets in Resources */,
				D6771A0327EF1C7E005351F4 /* Assets.xcassets in Resources */,
			);
			runOnlyForDeploymentPostprocessing = 0;
		};
/* End PBXResourcesBuildPhase section */

/* Begin PBXSourcesBuildPhase section */
		D67719F727EF1C7C005351F4 /* Sources */ = {
			isa = PBXSourcesBuildPhase;
			buildActionMask = 2147483647;
			files = (
				D6771A0127EF1C7C005351F4 /* AdaptiveLayoutView.swift in Sources */,
				D6771A1227EF2117005351F4 /* SizeClassLayoutView.swift in Sources */,
				D6771A1627EF3173005351F4 /* ContentView.swift in Sources */,
				D6771A1427EF2175005351F4 /* SearchableView.swift in Sources */,
				D67719FF27EF1C7C005351F4 /* SnowSeekerApp.swift in Sources */,
				D6771A1E27EF3572005351F4 /* WelcomeView.swift in Sources */,
				D6771A0F27EF2045005351F4 /* LayoutViaGroupView.swift in Sources */,
				D6771A2427F045A3005351F4 /* SkiDetailsView.swift in Sources */,
				D6771A2027EF361B005351F4 /* View+DeviceSpecificLayout.swift in Sources */,
				D6771A1A27EF3304005351F4 /* Resort.swift in Sources */,
				D6771A2227F044B6005351F4 /* ResortView.swift in Sources */,
				D6771A1C27EF3340005351F4 /* Bundle+Decodable.swift in Sources */,
				D6771A2827F04C10005351F4 /* Facility.swift in Sources */,
				D6771A2A27F055F7005351F4 /* Favorites.swift in Sources */,
				D6771A2627F0467B005351F4 /* ResortDetailsView.swift in Sources */,
				D6771A0D27EF1F48005351F4 /* User.swift in Sources */,
			);
			runOnlyForDeploymentPostprocessing = 0;
		};
/* End PBXSourcesBuildPhase section */

/* Begin XCBuildConfiguration section */
		D6771A0727EF1C7E005351F4 /* Debug */ = {
			isa = XCBuildConfiguration;
			buildSettings = {
				ALWAYS_SEARCH_USER_PATHS = NO;
				CLANG_ANALYZER_NONNULL = YES;
				CLANG_ANALYZER_NUMBER_OBJECT_CONVERSION = YES_AGGRESSIVE;
				CLANG_CXX_LANGUAGE_STANDARD = "gnu++17";
				CLANG_CXX_LIBRARY = "libc++";
				CLANG_ENABLE_MODULES = YES;
				CLANG_ENABLE_OBJC_ARC = YES;
				CLANG_ENABLE_OBJC_WEAK = YES;
				CLANG_WARN_BLOCK_CAPTURE_AUTORELEASING = YES;
				CLANG_WARN_BOOL_CONVERSION = YES;
				CLANG_WARN_COMMA = YES;
				CLANG_WARN_CONSTANT_CONVERSION = YES;
				CLANG_WARN_DEPRECATED_OBJC_IMPLEMENTATIONS = YES;
				CLANG_WARN_DIRECT_OBJC_ISA_USAGE = YES_ERROR;
				CLANG_WARN_DOCUMENTATION_COMMENTS = YES;
				CLANG_WARN_EMPTY_BODY = YES;
				CLANG_WARN_ENUM_CONVERSION = YES;
				CLANG_WARN_INFINITE_RECURSION = YES;
				CLANG_WARN_INT_CONVERSION = YES;
				CLANG_WARN_NON_LITERAL_NULL_CONVERSION = YES;
				CLANG_WARN_OBJC_IMPLICIT_RETAIN_SELF = YES;
				CLANG_WARN_OBJC_LITERAL_CONVERSION = YES;
				CLANG_WARN_OBJC_ROOT_CLASS = YES_ERROR;
				CLANG_WARN_QUOTED_INCLUDE_IN_FRAMEWORK_HEADER = YES;
				CLANG_WARN_RANGE_LOOP_ANALYSIS = YES;
				CLANG_WARN_STRICT_PROTOTYPES = YES;
				CLANG_WARN_SUSPICIOUS_MOVE = YES;
				CLANG_WARN_UNGUARDED_AVAILABILITY = YES_AGGRESSIVE;
				CLANG_WARN_UNREACHABLE_CODE = YES;
				CLANG_WARN__DUPLICATE_METHOD_MATCH = YES;
				COPY_PHASE_STRIP = NO;
				DEBUG_INFORMATION_FORMAT = dwarf;
				ENABLE_STRICT_OBJC_MSGSEND = YES;
				ENABLE_TESTABILITY = YES;
				GCC_C_LANGUAGE_STANDARD = gnu11;
				GCC_DYNAMIC_NO_PIC = NO;
				GCC_NO_COMMON_BLOCKS = YES;
				GCC_OPTIMIZATION_LEVEL = 0;
				GCC_PREPROCESSOR_DEFINITIONS = (
					"DEBUG=1",
					"$(inherited)",
				);
				GCC_WARN_64_TO_32_BIT_CONVERSION = YES;
				GCC_WARN_ABOUT_RETURN_TYPE = YES_ERROR;
				GCC_WARN_UNDECLARED_SELECTOR = YES;
				GCC_WARN_UNINITIALIZED_AUTOS = YES_AGGRESSIVE;
				GCC_WARN_UNUSED_FUNCTION = YES;
				GCC_WARN_UNUSED_VARIABLE = YES;
				IPHONEOS_DEPLOYMENT_TARGET = 15.2;
				MTL_ENABLE_DEBUG_INFO = INCLUDE_SOURCE;
				MTL_FAST_MATH = YES;
				ONLY_ACTIVE_ARCH = YES;
				SDKROOT = iphoneos;
				SWIFT_ACTIVE_COMPILATION_CONDITIONS = DEBUG;
				SWIFT_OPTIMIZATION_LEVEL = "-Onone";
			};
			name = Debug;
		};
		D6771A0827EF1C7E005351F4 /* Release */ = {
			isa = XCBuildConfiguration;
			buildSettings = {
				ALWAYS_SEARCH_USER_PATHS = NO;
				CLANG_ANALYZER_NONNULL = YES;
				CLANG_ANALYZER_NUMBER_OBJECT_CONVERSION = YES_AGGRESSIVE;
				CLANG_CXX_LANGUAGE_STANDARD = "gnu++17";
				CLANG_CXX_LIBRARY = "libc++";
				CLANG_ENABLE_MODULES = YES;
				CLANG_ENABLE_OBJC_ARC = YES;
				CLANG_ENABLE_OBJC_WEAK = YES;
				CLANG_WARN_BLOCK_CAPTURE_AUTORELEASING = YES;
				CLANG_WARN_BOOL_CONVERSION = YES;
				CLANG_WARN_COMMA = YES;
				CLANG_WARN_CONSTANT_CONVERSION = YES;
				CLANG_WARN_DEPRECATED_OBJC_IMPLEMENTATIONS = YES;
				CLANG_WARN_DIRECT_OBJC_ISA_USAGE = YES_ERROR;
				CLANG_WARN_DOCUMENTATION_COMMENTS = YES;
				CLANG_WARN_EMPTY_BODY = YES;
				CLANG_WARN_ENUM_CONVERSION = YES;
				CLANG_WARN_INFINITE_RECURSION = YES;
				CLANG_WARN_INT_CONVERSION = YES;
				CLANG_WARN_NON_LITERAL_NULL_CONVERSION = YES;
				CLANG_WARN_OBJC_IMPLICIT_RETAIN_SELF = YES;
				CLANG_WARN_OBJC_LITERAL_CONVERSION = YES;
				CLANG_WARN_OBJC_ROOT_CLASS = YES_ERROR;
				CLANG_WARN_QUOTED_INCLUDE_IN_FRAMEWORK_HEADER = YES;
				CLANG_WARN_RANGE_LOOP_ANALYSIS = YES;
				CLANG_WARN_STRICT_PROTOTYPES = YES;
				CLANG_WARN_SUSPICIOUS_MOVE = YES;
				CLANG_WARN_UNGUARDED_AVAILABILITY = YES_AGGRESSIVE;
				CLANG_WARN_UNREACHABLE_CODE = YES;
				CLANG_WARN__DUPLICATE_METHOD_MATCH = YES;
				COPY_PHASE_STRIP = NO;
				DEBUG_INFORMATION_FORMAT = "dwarf-with-dsym";
				ENABLE_NS_ASSERTIONS = NO;
				ENABLE_STRICT_OBJC_MSGSEND = YES;
				GCC_C_LANGUAGE_STANDARD = gnu11;
				GCC_NO_COMMON_BLOCKS = YES;
				GCC_WARN_64_TO_32_BIT_CONVERSION = YES;
				GCC_WARN_ABOUT_RETURN_TYPE = YES_ERROR;
				GCC_WARN_UNDECLARED_SELECTOR = YES;
				GCC_WARN_UNINITIALIZED_AUTOS = YES_AGGRESSIVE;
				GCC_WARN_UNUSED_FUNCTION = YES;
				GCC_WARN_UNUSED_VARIABLE = YES;
				IPHONEOS_DEPLOYMENT_TARGET = 15.2;
				MTL_ENABLE_DEBUG_INFO = NO;
				MTL_FAST_MATH = YES;
				SDKROOT = iphoneos;
				SWIFT_COMPILATION_MODE = wholemodule;
				SWIFT_OPTIMIZATION_LEVEL = "-O";
				VALIDATE_PRODUCT = YES;
			};
			name = Release;
		};
		D6771A0A27EF1C7E005351F4 /* Debug */ = {
			isa = XCBuildConfiguration;
			buildSettings = {
				ASSETCATALOG_COMPILER_APPICON_NAME = AppIcon;
				ASSETCATALOG_COMPILER_GLOBAL_ACCENT_COLOR_NAME = AccentColor;
				CODE_SIGN_STYLE = Automatic;
				CURRENT_PROJECT_VERSION = 1;
				DEVELOPMENT_ASSET_PATHS = "\"SnowSeeker/Preview Content\"";
				DEVELOPMENT_TEAM = 73YFFUD89Y;
				ENABLE_PREVIEWS = YES;
				GENERATE_INFOPLIST_FILE = YES;
				INFOPLIST_KEY_UIApplicationSceneManifest_Generation = YES;
				INFOPLIST_KEY_UIApplicationSupportsIndirectInputEvents = YES;
				INFOPLIST_KEY_UILaunchScreen_Generation = YES;
				INFOPLIST_KEY_UISupportedInterfaceOrientations_iPad = "UIInterfaceOrientationPortrait UIInterfaceOrientationPortraitUpsideDown UIInterfaceOrientationLandscapeLeft UIInterfaceOrientationLandscapeRight";
				INFOPLIST_KEY_UISupportedInterfaceOrientations_iPhone = "UIInterfaceOrientationPortrait UIInterfaceOrientationLandscapeLeft UIInterfaceOrientationLandscapeRight";
				LD_RUNPATH_SEARCH_PATHS = (
					"$(inherited)",
					"@executable_path/Frameworks",
				);
				MARKETING_VERSION = 1.0;
				PRODUCT_BUNDLE_IDENTIFIER = me.igor.chernyshov.SnowSeeker;
				PRODUCT_NAME = "$(TARGET_NAME)";
				SWIFT_EMIT_LOC_STRINGS = YES;
				SWIFT_VERSION = 5.0;
				TARGETED_DEVICE_FAMILY = "1,2";
			};
			name = Debug;
		};
		D6771A0B27EF1C7E005351F4 /* Release */ = {
			isa = XCBuildConfiguration;
			buildSettings = {
				ASSETCATALOG_COMPILER_APPICON_NAME = AppIcon;
				ASSETCATALOG_COMPILER_GLOBAL_ACCENT_COLOR_NAME = AccentColor;
				CODE_SIGN_STYLE = Automatic;
				CURRENT_PROJECT_VERSION = 1;
				DEVELOPMENT_ASSET_PATHS = "\"SnowSeeker/Preview Content\"";
				DEVELOPMENT_TEAM = 73YFFUD89Y;
				ENABLE_PREVIEWS = YES;
				GENERATE_INFOPLIST_FILE = YES;
				INFOPLIST_KEY_UIApplicationSceneManifest_Generation = YES;
				INFOPLIST_KEY_UIApplicationSupportsIndirectInputEvents = YES;
				INFOPLIST_KEY_UILaunchScreen_Generation = YES;
				INFOPLIST_KEY_UISupportedInterfaceOrientations_iPad = "UIInterfaceOrientationPortrait UIInterfaceOrientationPortraitUpsideDown UIInterfaceOrientationLandscapeLeft UIInterfaceOrientationLandscapeRight";
				INFOPLIST_KEY_UISupportedInterfaceOrientations_iPhone = "UIInterfaceOrientationPortrait UIInterfaceOrientationLandscapeLeft UIInterfaceOrientationLandscapeRight";
				LD_RUNPATH_SEARCH_PATHS = (
					"$(inherited)",
					"@executable_path/Frameworks",
				);
				MARKETING_VERSION = 1.0;
				PRODUCT_BUNDLE_IDENTIFIER = me.igor.chernyshov.SnowSeeker;
				PRODUCT_NAME = "$(TARGET_NAME)";
				SWIFT_EMIT_LOC_STRINGS = YES;
				SWIFT_VERSION = 5.0;
				TARGETED_DEVICE_FAMILY = "1,2";
			};
			name = Release;
		};
/* End XCBuildConfiguration section */

/* Begin XCConfigurationList section */
		D67719F627EF1C7C005351F4 /* Build configuration list for PBXProject "SnowSeeker" */ = {
			isa = XCConfigurationList;
			buildConfigurations = (
				D6771A0727EF1C7E005351F4 /* Debug */,
				D6771A0827EF1C7E005351F4 /* Release */,
			);
			defaultConfigurationIsVisible = 0;
			defaultConfigurationName = Release;
		};
		D6771A0927EF1C7E005351F4 /* Build configuration list for PBXNativeTarget "SnowSeeker" */ = {
			isa = XCConfigurationList;
			buildConfigurations = (
				D6771A0A27EF1C7E005351F4 /* Debug */,
				D6771A0B27EF1C7E005351F4 /* Release */,
			);
			defaultConfigurationIsVisible = 0;
			defaultConfigurationName = Release;
		};
/* End XCConfigurationList section */
	};
	rootObject = D67719F327EF1C7C005351F4 /* Project object */;
}
