// !$*UTF8*$!
{
	archiveVersion = 1;
	classes = {
	};
	objectVersion = 55;
	objects = {

/* Begin PBXBuildFile section */
		D6C787AA27E751DF003BAF23 /* LayoutAndGeometryApp.swift in Sources */ = {isa = PBXBuildFile; fileRef = D6C787A927E751DF003BAF23 /* LayoutAndGeometryApp.swift */; };
		D6C787AC27E751DF003BAF23 /* AdvancedLayoutView.swift in Sources */ = {isa = PBXBuildFile; fileRef = D6C787AB27E751DF003BAF23 /* AdvancedLayoutView.swift */; };
		D6C787AE27E751E1003BAF23 /* Assets.xcassets in Resources */ = {isa = PBXBuildFile; fileRef = D6C787AD27E751E1003BAF23 /* Assets.xcassets */; };
		D6C787B127E751E1003BAF23 /* Preview Assets.xcassets in Resources */ = {isa = PBXBuildFile; fileRef = D6C787B027E751E1003BAF23 /* Preview Assets.xcassets */; };
		D6E0658127E9E34100C02900 /* CustomAlignmentView.swift in Sources */ = {isa = PBXBuildFile; fileRef = D6E0658027E9E34100C02900 /* CustomAlignmentView.swift */; };
		D6E0658427E9FF9D00C02900 /* VerticalAlignment+CustomAlignments.swift in Sources */ = {isa = PBXBuildFile; fileRef = D6E0658327E9FF9D00C02900 /* VerticalAlignment+CustomAlignments.swift */; };
		D6E0658627EA010300C02900 /* OffsetVsPositionView.swift in Sources */ = {isa = PBXBuildFile; fileRef = D6E0658527EA010300C02900 /* OffsetVsPositionView.swift */; };
		D6E0658827EA039800C02900 /* GeometryReaderView.swift in Sources */ = {isa = PBXBuildFile; fileRef = D6E0658727EA039800C02900 /* GeometryReaderView.swift */; };
		D6E0658A27EB081100C02900 /* CoordingateSpaceView.swift in Sources */ = {isa = PBXBuildFile; fileRef = D6E0658927EB081100C02900 /* CoordingateSpaceView.swift */; };
		D6E0658C27EB0A0E00C02900 /* SpiralFlowView.swift in Sources */ = {isa = PBXBuildFile; fileRef = D6E0658B27EB0A0E00C02900 /* SpiralFlowView.swift */; };
		D6E0659427ECA12A00C02900 /* CoverFlowView.swift in Sources */ = {isa = PBXBuildFile; fileRef = D6E0659327ECA12A00C02900 /* CoverFlowView.swift */; };
		D6E0659627ECA19900C02900 /* ContentView.swift in Sources */ = {isa = PBXBuildFile; fileRef = D6E0659527ECA19900C02900 /* ContentView.swift */; };
/* End PBXBuildFile section */

/* Begin PBXFileReference section */
		D6C787A627E751DF003BAF23 /* LayoutAndGeometry.app */ = {isa = PBXFileReference; explicitFileType = wrapper.application; includeInIndex = 0; path = LayoutAndGeometry.app; sourceTree = BUILT_PRODUCTS_DIR; };
		D6C787A927E751DF003BAF23 /* LayoutAndGeometryApp.swift */ = {isa = PBXFileReference; lastKnownFileType = sourcecode.swift; path = LayoutAndGeometryApp.swift; sourceTree = "<group>"; };
		D6C787AB27E751DF003BAF23 /* AdvancedLayoutView.swift */ = {isa = PBXFileReference; lastKnownFileType = sourcecode.swift; path = AdvancedLayoutView.swift; sourceTree = "<group>"; };
		D6C787AD27E751E1003BAF23 /* Assets.xcassets */ = {isa = PBXFileReference; lastKnownFileType = folder.assetcatalog; path = Assets.xcassets; sourceTree = "<group>"; };
		D6C787B027E751E1003BAF23 /* Preview Assets.xcassets */ = {isa = PBXFileReference; lastKnownFileType = folder.assetcatalog; path = "Preview Assets.xcassets"; sourceTree = "<group>"; };
		D6E0658027E9E34100C02900 /* CustomAlignmentView.swift */ = {isa = PBXFileReference; lastKnownFileType = sourcecode.swift; path = CustomAlignmentView.swift; sourceTree = "<group>"; };
		D6E0658327E9FF9D00C02900 /* VerticalAlignment+CustomAlignments.swift */ = {isa = PBXFileReference; lastKnownFileType = sourcecode.swift; path = "VerticalAlignment+CustomAlignments.swift"; sourceTree = "<group>"; };
		D6E0658527EA010300C02900 /* OffsetVsPositionView.swift */ = {isa = PBXFileReference; lastKnownFileType = sourcecode.swift; path = OffsetVsPositionView.swift; sourceTree = "<group>"; };
		D6E0658727EA039800C02900 /* GeometryReaderView.swift */ = {isa = PBXFileReference; lastKnownFileType = sourcecode.swift; path = GeometryReaderView.swift; sourceTree = "<group>"; };
		D6E0658927EB081100C02900 /* CoordingateSpaceView.swift */ = {isa = PBXFileReference; lastKnownFileType = sourcecode.swift; path = CoordingateSpaceView.swift; sourceTree = "<group>"; };
		D6E0658B27EB0A0E00C02900 /* SpiralFlowView.swift */ = {isa = PBXFileReference; lastKnownFileType = sourcecode.swift; path = SpiralFlowView.swift; sourceTree = "<group>"; };
		D6E0659327ECA12A00C02900 /* CoverFlowView.swift */ = {isa = PBXFileReference; lastKnownFileType = sourcecode.swift; path = CoverFlowView.swift; sourceTree = "<group>"; };
		D6E0659527ECA19900C02900 /* ContentView.swift */ = {isa = PBXFileReference; lastKnownFileType = sourcecode.swift; path = ContentView.swift; sourceTree = "<group>"; };
/* End PBXFileReference section */

/* Begin PBXFrameworksBuildPhase section */
		D6C787A327E751DF003BAF23 /* Frameworks */ = {
			isa = PBXFrameworksBuildPhase;
			buildActionMask = 2147483647;
			files = (
			);
			runOnlyForDeploymentPostprocessing = 0;
		};
/* End PBXFrameworksBuildPhase section */

/* Begin PBXGroup section */
		D6C7879D27E751DF003BAF23 = {
			isa = PBXGroup;
			children = (
				D6C787A827E751DF003BAF23 /* LayoutAndGeometry */,
				D6C787A727E751DF003BAF23 /* Products */,
			);
			sourceTree = "<group>";
		};
		D6C787A727E751DF003BAF23 /* Products */ = {
			isa = PBXGroup;
			children = (
				D6C787A627E751DF003BAF23 /* LayoutAndGeometry.app */,
			);
			name = Products;
			sourceTree = "<group>";
		};
		D6C787A827E751DF003BAF23 /* LayoutAndGeometry */ = {
			isa = PBXGroup;
			children = (
				D6C787A927E751DF003BAF23 /* LayoutAndGeometryApp.swift */,
				D6E0659527ECA19900C02900 /* ContentView.swift */,
				D6E0658227E9E34E00C02900 /* Examples */,
				D6C787AD27E751E1003BAF23 /* Assets.xcassets */,
				D6C787AF27E751E1003BAF23 /* Preview Content */,
			);
			path = LayoutAndGeometry;
			sourceTree = "<group>";
		};
		D6C787AF27E751E1003BAF23 /* Preview Content */ = {
			isa = PBXGroup;
			children = (
				D6C787B027E751E1003BAF23 /* Preview Assets.xcassets */,
			);
			path = "Preview Content";
			sourceTree = "<group>";
		};
		D6E0658227E9E34E00C02900 /* Examples */ = {
			isa = PBXGroup;
			children = (
				D6C787AB27E751DF003BAF23 /* AdvancedLayoutView.swift */,
				D6E0658927EB081100C02900 /* CoordingateSpaceView.swift */,
				D6E0659327ECA12A00C02900 /* CoverFlowView.swift */,
				D6E0658027E9E34100C02900 /* CustomAlignmentView.swift */,
				D6E0658727EA039800C02900 /* GeometryReaderView.swift */,
				D6E0658527EA010300C02900 /* OffsetVsPositionView.swift */,
				D6E0658B27EB0A0E00C02900 /* SpiralFlowView.swift */,
				D6E0658327E9FF9D00C02900 /* VerticalAlignment+CustomAlignments.swift */,
			);
			path = Examples;
			sourceTree = "<group>";
		};
/* End PBXGroup section */

/* Begin PBXNativeTarget section */
		D6C787A527E751DF003BAF23 /* LayoutAndGeometry */ = {
			isa = PBXNativeTarget;
			buildConfigurationList = D6C787B427E751E1003BAF23 /* Build configuration list for PBXNativeTarget "LayoutAndGeometry" */;
			buildPhases = (
				D6C787A227E751DF003BAF23 /* Sources */,
				D6C787A327E751DF003BAF23 /* Frameworks */,
				D6C787A427E751DF003BAF23 /* Resources */,
			);
			buildRules = (
			);
			dependencies = (
			);
			name = LayoutAndGeometry;
			productName = LayoutAndGeometry;
			productReference = D6C787A627E751DF003BAF23 /* LayoutAndGeometry.app */;
			productType = "com.apple.product-type.application";
		};
/* End PBXNativeTarget section */

/* Begin PBXProject section */
		D6C7879E27E751DF003BAF23 /* Project object */ = {
			isa = PBXProject;
			attributes = {
				BuildIndependentTargetsInParallel = 1;
				LastSwiftUpdateCheck = 1320;
				LastUpgradeCheck = 1320;
				TargetAttributes = {
					D6C787A527E751DF003BAF23 = {
						CreatedOnToolsVersion = 13.2.1;
					};
				};
			};
			buildConfigurationList = D6C787A127E751DF003BAF23 /* Build configuration list for PBXProject "LayoutAndGeometry" */;
			compatibilityVersion = "Xcode 13.0";
			developmentRegion = en;
			hasScannedForEncodings = 0;
			knownRegions = (
				en,
				Base,
			);
			mainGroup = D6C7879D27E751DF003BAF23;
			productRefGroup = D6C787A727E751DF003BAF23 /* Products */;
			projectDirPath = "";
			projectRoot = "";
			targets = (
				D6C787A527E751DF003BAF23 /* LayoutAndGeometry */,
			);
		};
/* End PBXProject section */

/* Begin PBXResourcesBuildPhase section */
		D6C787A427E751DF003BAF23 /* Resources */ = {
			isa = PBXResourcesBuildPhase;
			buildActionMask = 2147483647;
			files = (
				D6C787B127E751E1003BAF23 /* Preview Assets.xcassets in Resources */,
				D6C787AE27E751E1003BAF23 /* Assets.xcassets in Resources */,
			);
			runOnlyForDeploymentPostprocessing = 0;
		};
/* End PBXResourcesBuildPhase section */

/* Begin PBXSourcesBuildPhase section */
		D6C787A227E751DF003BAF23 /* Sources */ = {
			isa = PBXSourcesBuildPhase;
			buildActionMask = 2147483647;
			files = (
				D6E0658427E9FF9D00C02900 /* VerticalAlignment+CustomAlignments.swift in Sources */,
				D6E0658627EA010300C02900 /* OffsetVsPositionView.swift in Sources */,
				D6E0658C27EB0A0E00C02900 /* SpiralFlowView.swift in Sources */,
				D6E0658A27EB081100C02900 /* CoordingateSpaceView.swift in Sources */,
				D6E0658827EA039800C02900 /* GeometryReaderView.swift in Sources */,
				D6E0659427ECA12A00C02900 /* CoverFlowView.swift in Sources */,
				D6E0659627ECA19900C02900 /* ContentView.swift in Sources */,
				D6C787AC27E751DF003BAF23 /* AdvancedLayoutView.swift in Sources */,
				D6C787AA27E751DF003BAF23 /* LayoutAndGeometryApp.swift in Sources */,
				D6E0658127E9E34100C02900 /* CustomAlignmentView.swift in Sources */,
			);
			runOnlyForDeploymentPostprocessing = 0;
		};
/* End PBXSourcesBuildPhase section */

/* Begin XCBuildConfiguration section */
		D6C787B227E751E1003BAF23 /* Debug */ = {
			isa = XCBuildConfiguration;
			buildSettings = {
				ALWAYS_SEARCH_USER_PATHS = NO;
				CLANG_ANALYZER_NONNULL = YES;
				CLANG_ANALYZER_NUMBER_OBJECT_CONVERSION = YES_AGGRESSIVE;
				CLANG_CXX_LANGUAGE_STANDARD = "gnu++17";
				CLANG_CXX_LIBRARY = "libc++";
				CLANG_ENABLE_MODULES = YES;
				CLANG_ENABLE_OBJC_ARC = YES;
				CLANG_ENABLE_OBJC_WEAK = YES;
				CLANG_WARN_BLOCK_CAPTURE_AUTORELEASING = YES;
				CLANG_WARN_BOOL_CONVERSION = YES;
				CLANG_WARN_COMMA = YES;
				CLANG_WARN_CONSTANT_CONVERSION = YES;
				CLANG_WARN_DEPRECATED_OBJC_IMPLEMENTATIONS = YES;
				CLANG_WARN_DIRECT_OBJC_ISA_USAGE = YES_ERROR;
				CLANG_WARN_DOCUMENTATION_COMMENTS = YES;
				CLANG_WARN_EMPTY_BODY = YES;
				CLANG_WARN_ENUM_CONVERSION = YES;
				CLANG_WARN_INFINITE_RECURSION = YES;
				CLANG_WARN_INT_CONVERSION = YES;
				CLANG_WARN_NON_LITERAL_NULL_CONVERSION = YES;
				CLANG_WARN_OBJC_IMPLICIT_RETAIN_SELF = YES;
				CLANG_WARN_OBJC_LITERAL_CONVERSION = YES;
				CLANG_WARN_OBJC_ROOT_CLASS = YES_ERROR;
				CLANG_WARN_QUOTED_INCLUDE_IN_FRAMEWORK_HEADER = YES;
				CLANG_WARN_RANGE_LOOP_ANALYSIS = YES;
				CLANG_WARN_STRICT_PROTOTYPES = YES;
				CLANG_WARN_SUSPICIOUS_MOVE = YES;
				CLANG_WARN_UNGUARDED_AVAILABILITY = YES_AGGRESSIVE;
				CLANG_WARN_UNREACHABLE_CODE = YES;
				CLANG_WARN__DUPLICATE_METHOD_MATCH = YES;
				COPY_PHASE_STRIP = NO;
				DEBUG_INFORMATION_FORMAT = dwarf;
				ENABLE_STRICT_OBJC_MSGSEND = YES;
				ENABLE_TESTABILITY = YES;
				GCC_C_LANGUAGE_STANDARD = gnu11;
				GCC_DYNAMIC_NO_PIC = NO;
				GCC_NO_COMMON_BLOCKS = YES;
				GCC_OPTIMIZATION_LEVEL = 0;
				GCC_PREPROCESSOR_DEFINITIONS = (
					"DEBUG=1",
					"$(inherited)",
				);
				GCC_WARN_64_TO_32_BIT_CONVERSION = YES;
				GCC_WARN_ABOUT_RETURN_TYPE = YES_ERROR;
				GCC_WARN_UNDECLARED_SELECTOR = YES;
				GCC_WARN_UNINITIALIZED_AUTOS = YES_AGGRESSIVE;
				GCC_WARN_UNUSED_FUNCTION = YES;
				GCC_WARN_UNUSED_VARIABLE = YES;
				IPHONEOS_DEPLOYMENT_TARGET = 15.2;
				MTL_ENABLE_DEBUG_INFO = INCLUDE_SOURCE;
				MTL_FAST_MATH = YES;
				ONLY_ACTIVE_ARCH = YES;
				SDKROOT = iphoneos;
				SWIFT_ACTIVE_COMPILATION_CONDITIONS = DEBUG;
				SWIFT_OPTIMIZATION_LEVEL = "-Onone";
			};
			name = Debug;
		};
		D6C787B327E751E1003BAF23 /* Release */ = {
			isa = XCBuildConfiguration;
			buildSettings = {
				ALWAYS_SEARCH_USER_PATHS = NO;
				CLANG_ANALYZER_NONNULL = YES;
				CLANG_ANALYZER_NUMBER_OBJECT_CONVERSION = YES_AGGRESSIVE;
				CLANG_CXX_LANGUAGE_STANDARD = "gnu++17";
				CLANG_CXX_LIBRARY = "libc++";
				CLANG_ENABLE_MODULES = YES;
				CLANG_ENABLE_OBJC_ARC = YES;
				CLANG_ENABLE_OBJC_WEAK = YES;
				CLANG_WARN_BLOCK_CAPTURE_AUTORELEASING = YES;
				CLANG_WARN_BOOL_CONVERSION = YES;
				CLANG_WARN_COMMA = YES;
				CLANG_WARN_CONSTANT_CONVERSION = YES;
				CLANG_WARN_DEPRECATED_OBJC_IMPLEMENTATIONS = YES;
				CLANG_WARN_DIRECT_OBJC_ISA_USAGE = YES_ERROR;
				CLANG_WARN_DOCUMENTATION_COMMENTS = YES;
				CLANG_WARN_EMPTY_BODY = YES;
				CLANG_WARN_ENUM_CONVERSION = YES;
				CLANG_WARN_INFINITE_RECURSION = YES;
				CLANG_WARN_INT_CONVERSION = YES;
				CLANG_WARN_NON_LITERAL_NULL_CONVERSION = YES;
				CLANG_WARN_OBJC_IMPLICIT_RETAIN_SELF = YES;
				CLANG_WARN_OBJC_LITERAL_CONVERSION = YES;
				CLANG_WARN_OBJC_ROOT_CLASS = YES_ERROR;
				CLANG_WARN_QUOTED_INCLUDE_IN_FRAMEWORK_HEADER = YES;
				CLANG_WARN_RANGE_LOOP_ANALYSIS = YES;
				CLANG_WARN_STRICT_PROTOTYPES = YES;
				CLANG_WARN_SUSPICIOUS_MOVE = YES;
				CLANG_WARN_UNGUARDED_AVAILABILITY = YES_AGGRESSIVE;
				CLANG_WARN_UNREACHABLE_CODE = YES;
				CLANG_WARN__DUPLICATE_METHOD_MATCH = YES;
				COPY_PHASE_STRIP = NO;
				DEBUG_INFORMATION_FORMAT = "dwarf-with-dsym";
				ENABLE_NS_ASSERTIONS = NO;
				ENABLE_STRICT_OBJC_MSGSEND = YES;
				GCC_C_LANGUAGE_STANDARD = gnu11;
				GCC_NO_COMMON_BLOCKS = YES;
				GCC_WARN_64_TO_32_BIT_CONVERSION = YES;
				GCC_WARN_ABOUT_RETURN_TYPE = YES_ERROR;
				GCC_WARN_UNDECLARED_SELECTOR = YES;
				GCC_WARN_UNINITIALIZED_AUTOS = YES_AGGRESSIVE;
				GCC_WARN_UNUSED_FUNCTION = YES;
				GCC_WARN_UNUSED_VARIABLE = YES;
				IPHONEOS_DEPLOYMENT_TARGET = 15.2;
				MTL_ENABLE_DEBUG_INFO = NO;
				MTL_FAST_MATH = YES;
				SDKROOT = iphoneos;
				SWIFT_COMPILATION_MODE = wholemodule;
				SWIFT_OPTIMIZATION_LEVEL = "-O";
				VALIDATE_PRODUCT = YES;
			};
			name = Release;
		};
		D6C787B527E751E1003BAF23 /* Debug */ = {
			isa = XCBuildConfiguration;
			buildSettings = {
				ASSETCATALOG_COMPILER_APPICON_NAME = AppIcon;
				ASSETCATALOG_COMPILER_GLOBAL_ACCENT_COLOR_NAME = AccentColor;
				CODE_SIGN_STYLE = Automatic;
				CURRENT_PROJECT_VERSION = 1;
				DEVELOPMENT_ASSET_PATHS = "\"LayoutAndGeometry/Preview Content\"";
				DEVELOPMENT_TEAM = 73YFFUD89Y;
				ENABLE_PREVIEWS = YES;
				GENERATE_INFOPLIST_FILE = YES;
				INFOPLIST_KEY_UIApplicationSceneManifest_Generation = YES;
				INFOPLIST_KEY_UIApplicationSupportsIndirectInputEvents = YES;
				INFOPLIST_KEY_UILaunchScreen_Generation = YES;
				INFOPLIST_KEY_UISupportedInterfaceOrientations_iPad = "UIInterfaceOrientationPortrait UIInterfaceOrientationPortraitUpsideDown UIInterfaceOrientationLandscapeLeft UIInterfaceOrientationLandscapeRight";
				INFOPLIST_KEY_UISupportedInterfaceOrientations_iPhone = "UIInterfaceOrientationPortrait UIInterfaceOrientationLandscapeLeft UIInterfaceOrientationLandscapeRight";
				LD_RUNPATH_SEARCH_PATHS = (
					"$(inherited)",
					"@executable_path/Frameworks",
				);
				MARKETING_VERSION = 1.0;
				PRODUCT_BUNDLE_IDENTIFIER = me.igor.chernyshov.LayoutAndGeometry;
				PRODUCT_NAME = "$(TARGET_NAME)";
				SWIFT_EMIT_LOC_STRINGS = YES;
				SWIFT_VERSION = 5.0;
				TARGETED_DEVICE_FAMILY = "1,2";
			};
			name = Debug;
		};
		D6C787B627E751E1003BAF23 /* Release */ = {
			isa = XCBuildConfiguration;
			buildSettings = {
				ASSETCATALOG_COMPILER_APPICON_NAME = AppIcon;
				ASSETCATALOG_COMPILER_GLOBAL_ACCENT_COLOR_NAME = AccentColor;
				CODE_SIGN_STYLE = Automatic;
				CURRENT_PROJECT_VERSION = 1;
				DEVELOPMENT_ASSET_PATHS = "\"LayoutAndGeometry/Preview Content\"";
				DEVELOPMENT_TEAM = 73YFFUD89Y;
				ENABLE_PREVIEWS = YES;
				GENERATE_INFOPLIST_FILE = YES;
				INFOPLIST_KEY_UIApplicationSceneManifest_Generation = YES;
				INFOPLIST_KEY_UIApplicationSupportsIndirectInputEvents = YES;
				INFOPLIST_KEY_UILaunchScreen_Generation = YES;
				INFOPLIST_KEY_UISupportedInterfaceOrientations_iPad = "UIInterfaceOrientationPortrait UIInterfaceOrientationPortraitUpsideDown UIInterfaceOrientationLandscapeLeft UIInterfaceOrientationLandscapeRight";
				INFOPLIST_KEY_UISupportedInterfaceOrientations_iPhone = "UIInterfaceOrientationPortrait UIInterfaceOrientationLandscapeLeft UIInterfaceOrientationLandscapeRight";
				LD_RUNPATH_SEARCH_PATHS = (
					"$(inherited)",
					"@executable_path/Frameworks",
				);
				MARKETING_VERSION = 1.0;
				PRODUCT_BUNDLE_IDENTIFIER = me.igor.chernyshov.LayoutAndGeometry;
				PRODUCT_NAME = "$(TARGET_NAME)";
				SWIFT_EMIT_LOC_STRINGS = YES;
				SWIFT_VERSION = 5.0;
				TARGETED_DEVICE_FAMILY = "1,2";
			};
			name = Release;
		};
/* End XCBuildConfiguration section */

/* Begin XCConfigurationList section */
		D6C787A127E751DF003BAF23 /* Build configuration list for PBXProject "LayoutAndGeometry" */ = {
			isa = XCConfigurationList;
			buildConfigurations = (
				D6C787B227E751E1003BAF23 /* Debug */,
				D6C787B327E751E1003BAF23 /* Release */,
			);
			defaultConfigurationIsVisible = 0;
			defaultConfigurationName = Release;
		};
		D6C787B427E751E1003BAF23 /* Build configuration list for PBXNativeTarget "LayoutAndGeometry" */ = {
			isa = XCConfigurationList;
			buildConfigurations = (
				D6C787B527E751E1003BAF23 /* Debug */,
				D6C787B627E751E1003BAF23 /* Release */,
			);
			defaultConfigurationIsVisible = 0;
			defaultConfigurationName = Release;
		};
/* End XCConfigurationList section */
	};
	rootObject = D6C7879E27E751DF003BAF23 /* Project object */;
}
