// !$*UTF8*$!
{
	archiveVersion = 1;
	classes = {
	};
	objectVersion = 55;
	objects = {

/* Begin PBXBuildFile section */
		D651631427A57C6700306BCB /* BookwormApp.swift in Sources */ = {isa = PBXBuildFile; fileRef = D651631327A57C6700306BCB /* BookwormApp.swift */; };
		D651631627A57C6700306BCB /* PushButtonView.swift in Sources */ = {isa = PBXBuildFile; fileRef = D651631527A57C6700306BCB /* PushButtonView.swift */; };
		D651631827A57C6900306BCB /* Assets.xcassets in Resources */ = {isa = PBXBuildFile; fileRef = D651631727A57C6900306BCB /* Assets.xcassets */; };
		D651631B27A57C6900306BCB /* Preview Assets.xcassets in Resources */ = {isa = PBXBuildFile; fileRef = D651631A27A57C6900306BCB /* Preview Assets.xcassets */; };
		D651632227A57CD600306BCB /* PushButton.swift in Sources */ = {isa = PBXBuildFile; fileRef = D651632127A57CD600306BCB /* PushButton.swift */; };
		D651632427A584E400306BCB /* SimpleNotepadView.swift in Sources */ = {isa = PBXBuildFile; fileRef = D651632327A584E400306BCB /* SimpleNotepadView.swift */; };
		D651632B27A585DC00306BCB /* Bookworm.xcdatamodeld in Sources */ = {isa = PBXBuildFile; fileRef = D651632927A585DC00306BCB /* Bookworm.xcdatamodeld */; };
		D651632D27A5866000306BCB /* DataController.swift in Sources */ = {isa = PBXBuildFile; fileRef = D651632C27A5866000306BCB /* DataController.swift */; };
		D651633027A58CC500306BCB /* ManagedObjectContextTestView.swift in Sources */ = {isa = PBXBuildFile; fileRef = D651632F27A58CC500306BCB /* ManagedObjectContextTestView.swift */; };
		D651633427A6A3EA00306BCB /* AddBookView.swift in Sources */ = {isa = PBXBuildFile; fileRef = D651633327A6A3EA00306BCB /* AddBookView.swift */; };
		D651633627A6A6C100306BCB /* ContentView.swift in Sources */ = {isa = PBXBuildFile; fileRef = D651633527A6A6C100306BCB /* ContentView.swift */; };
		D651633927A6A8C500306BCB /* RatingView.swift in Sources */ = {isa = PBXBuildFile; fileRef = D651633827A6A8C500306BCB /* RatingView.swift */; };
		D651633B27A6AA6700306BCB /* EmojiRaingView.swift in Sources */ = {isa = PBXBuildFile; fileRef = D651633A27A6AA6700306BCB /* EmojiRaingView.swift */; };
		D651633D27A6C9D000306BCB /* DetailView.swift in Sources */ = {isa = PBXBuildFile; fileRef = D651633C27A6C9D000306BCB /* DetailView.swift */; };
/* End PBXBuildFile section */

/* Begin PBXFileReference section */
		D651631027A57C6700306BCB /* Bookworm.app */ = {isa = PBXFileReference; explicitFileType = wrapper.application; includeInIndex = 0; path = Bookworm.app; sourceTree = BUILT_PRODUCTS_DIR; };
		D651631327A57C6700306BCB /* BookwormApp.swift */ = {isa = PBXFileReference; lastKnownFileType = sourcecode.swift; path = BookwormApp.swift; sourceTree = "<group>"; };
		D651631527A57C6700306BCB /* PushButtonView.swift */ = {isa = PBXFileReference; lastKnownFileType = sourcecode.swift; path = PushButtonView.swift; sourceTree = "<group>"; };
		D651631727A57C6900306BCB /* Assets.xcassets */ = {isa = PBXFileReference; lastKnownFileType = folder.assetcatalog; path = Assets.xcassets; sourceTree = "<group>"; };
		D651631A27A57C6900306BCB /* Preview Assets.xcassets */ = {isa = PBXFileReference; lastKnownFileType = folder.assetcatalog; path = "Preview Assets.xcassets"; sourceTree = "<group>"; };
		D651632127A57CD600306BCB /* PushButton.swift */ = {isa = PBXFileReference; lastKnownFileType = sourcecode.swift; path = PushButton.swift; sourceTree = "<group>"; };
		D651632327A584E400306BCB /* SimpleNotepadView.swift */ = {isa = PBXFileReference; lastKnownFileType = sourcecode.swift; path = SimpleNotepadView.swift; sourceTree = "<group>"; };
		D651632A27A585DC00306BCB /* Bookworm.xcdatamodel */ = {isa = PBXFileReference; lastKnownFileType = wrapper.xcdatamodel; path = Bookworm.xcdatamodel; sourceTree = "<group>"; };
		D651632C27A5866000306BCB /* DataController.swift */ = {isa = PBXFileReference; lastKnownFileType = sourcecode.swift; path = DataController.swift; sourceTree = "<group>"; };
		D651632F27A58CC500306BCB /* ManagedObjectContextTestView.swift */ = {isa = PBXFileReference; lastKnownFileType = sourcecode.swift; path = ManagedObjectContextTestView.swift; sourceTree = "<group>"; };
		D651633327A6A3EA00306BCB /* AddBookView.swift */ = {isa = PBXFileReference; lastKnownFileType = sourcecode.swift; path = AddBookView.swift; sourceTree = "<group>"; };
		D651633527A6A6C100306BCB /* ContentView.swift */ = {isa = PBXFileReference; lastKnownFileType = sourcecode.swift; path = ContentView.swift; sourceTree = "<group>"; };
		D651633827A6A8C500306BCB /* RatingView.swift */ = {isa = PBXFileReference; lastKnownFileType = sourcecode.swift; path = RatingView.swift; sourceTree = "<group>"; };
		D651633A27A6AA6700306BCB /* EmojiRaingView.swift */ = {isa = PBXFileReference; lastKnownFileType = sourcecode.swift; path = EmojiRaingView.swift; sourceTree = "<group>"; };
		D651633C27A6C9D000306BCB /* DetailView.swift */ = {isa = PBXFileReference; lastKnownFileType = sourcecode.swift; path = DetailView.swift; sourceTree = "<group>"; };
/* End PBXFileReference section */

/* Begin PBXFrameworksBuildPhase section */
		D651630D27A57C6700306BCB /* Frameworks */ = {
			isa = PBXFrameworksBuildPhase;
			buildActionMask = 2147483647;
			files = (
			);
			runOnlyForDeploymentPostprocessing = 0;
		};
/* End PBXFrameworksBuildPhase section */

/* Begin PBXGroup section */
		D651630727A57C6700306BCB = {
			isa = PBXGroup;
			children = (
				D651631227A57C6700306BCB /* Bookworm */,
				D651631127A57C6700306BCB /* Products */,
			);
			sourceTree = "<group>";
		};
		D651631127A57C6700306BCB /* Products */ = {
			isa = PBXGroup;
			children = (
				D651631027A57C6700306BCB /* Bookworm.app */,
			);
			name = Products;
			sourceTree = "<group>";
		};
		D651631227A57C6700306BCB /* Bookworm */ = {
			isa = PBXGroup;
			children = (
				D651631327A57C6700306BCB /* BookwormApp.swift */,
				D651632E27A5866500306BCB /* CoreData */,
				D651632527A5858300306BCB /* Views */,
				D651633727A6A6C900306BCB /* Examples */,
				D651631727A57C6900306BCB /* Assets.xcassets */,
				D651631927A57C6900306BCB /* Preview Content */,
			);
			path = Bookworm;
			sourceTree = "<group>";
		};
		D651631927A57C6900306BCB /* Preview Content */ = {
			isa = PBXGroup;
			children = (
				D651631A27A57C6900306BCB /* Preview Assets.xcassets */,
			);
			path = "Preview Content";
			sourceTree = "<group>";
		};
		D651632527A5858300306BCB /* Views */ = {
			isa = PBXGroup;
			children = (
				D651633527A6A6C100306BCB /* ContentView.swift */,
				D651633327A6A3EA00306BCB /* AddBookView.swift */,
				D651633C27A6C9D000306BCB /* DetailView.swift */,
				D651633A27A6AA6700306BCB /* EmojiRaingView.swift */,
				D651633827A6A8C500306BCB /* RatingView.swift */,
			);
			path = Views;
			sourceTree = "<group>";
		};
		D651632E27A5866500306BCB /* CoreData */ = {
			isa = PBXGroup;
			children = (
				D651632927A585DC00306BCB /* Bookworm.xcdatamodeld */,
				D651632C27A5866000306BCB /* DataController.swift */,
			);
			path = CoreData;
			sourceTree = "<group>";
		};
		D651633727A6A6C900306BCB /* Examples */ = {
			isa = PBXGroup;
			children = (
				D651632F27A58CC500306BCB /* ManagedObjectContextTestView.swift */,
				D651632127A57CD600306BCB /* PushButton.swift */,
				D651631527A57C6700306BCB /* PushButtonView.swift */,
				D651632327A584E400306BCB /* SimpleNotepadView.swift */,
			);
			path = Examples;
			sourceTree = "<group>";
		};
/* End PBXGroup section */

/* Begin PBXNativeTarget section */
		D651630F27A57C6700306BCB /* Bookworm */ = {
			isa = PBXNativeTarget;
			buildConfigurationList = D651631E27A57C6900306BCB /* Build configuration list for PBXNativeTarget "Bookworm" */;
			buildPhases = (
				D651630C27A57C6700306BCB /* Sources */,
				D651630D27A57C6700306BCB /* Frameworks */,
				D651630E27A57C6700306BCB /* Resources */,
			);
			buildRules = (
			);
			dependencies = (
			);
			name = Bookworm;
			productName = Bookworm;
			productReference = D651631027A57C6700306BCB /* Bookworm.app */;
			productType = "com.apple.product-type.application";
		};
/* End PBXNativeTarget section */

/* Begin PBXProject section */
		D651630827A57C6700306BCB /* Project object */ = {
			isa = PBXProject;
			attributes = {
				BuildIndependentTargetsInParallel = 1;
				LastSwiftUpdateCheck = 1320;
				LastUpgradeCheck = 1320;
				TargetAttributes = {
					D651630F27A57C6700306BCB = {
						CreatedOnToolsVersion = 13.2.1;
					};
				};
			};
			buildConfigurationList = D651630B27A57C6700306BCB /* Build configuration list for PBXProject "Bookworm" */;
			compatibilityVersion = "Xcode 13.0";
			developmentRegion = en;
			hasScannedForEncodings = 0;
			knownRegions = (
				en,
				Base,
			);
			mainGroup = D651630727A57C6700306BCB;
			productRefGroup = D651631127A57C6700306BCB /* Products */;
			projectDirPath = "";
			projectRoot = "";
			targets = (
				D651630F27A57C6700306BCB /* Bookworm */,
			);
		};
/* End PBXProject section */

/* Begin PBXResourcesBuildPhase section */
		D651630E27A57C6700306BCB /* Resources */ = {
			isa = PBXResourcesBuildPhase;
			buildActionMask = 2147483647;
			files = (
				D651631B27A57C6900306BCB /* Preview Assets.xcassets in Resources */,
				D651631827A57C6900306BCB /* Assets.xcassets in Resources */,
			);
			runOnlyForDeploymentPostprocessing = 0;
		};
/* End PBXResourcesBuildPhase section */

/* Begin PBXSourcesBuildPhase section */
		D651630C27A57C6700306BCB /* Sources */ = {
			isa = PBXSourcesBuildPhase;
			buildActionMask = 2147483647;
			files = (
				D651632D27A5866000306BCB /* DataController.swift in Sources */,
				D651633D27A6C9D000306BCB /* DetailView.swift in Sources */,
				D651631627A57C6700306BCB /* PushButtonView.swift in Sources */,
				D651633027A58CC500306BCB /* ManagedObjectContextTestView.swift in Sources */,
				D651633927A6A8C500306BCB /* RatingView.swift in Sources */,
				D651633427A6A3EA00306BCB /* AddBookView.swift in Sources */,
				D651633B27A6AA6700306BCB /* EmojiRaingView.swift in Sources */,
				D651632B27A585DC00306BCB /* Bookworm.xcdatamodeld in Sources */,
				D651633627A6A6C100306BCB /* ContentView.swift in Sources */,
				D651631427A57C6700306BCB /* BookwormApp.swift in Sources */,
				D651632227A57CD600306BCB /* PushButton.swift in Sources */,
				D651632427A584E400306BCB /* SimpleNotepadView.swift in Sources */,
			);
			runOnlyForDeploymentPostprocessing = 0;
		};
/* End PBXSourcesBuildPhase section */

/* Begin XCBuildConfiguration section */
		D651631C27A57C6900306BCB /* Debug */ = {
			isa = XCBuildConfiguration;
			buildSettings = {
				ALWAYS_SEARCH_USER_PATHS = NO;
				CLANG_ANALYZER_NONNULL = YES;
				CLANG_ANALYZER_NUMBER_OBJECT_CONVERSION = YES_AGGRESSIVE;
				CLANG_CXX_LANGUAGE_STANDARD = "gnu++17";
				CLANG_CXX_LIBRARY = "libc++";
				CLANG_ENABLE_MODULES = YES;
				CLANG_ENABLE_OBJC_ARC = YES;
				CLANG_ENABLE_OBJC_WEAK = YES;
				CLANG_WARN_BLOCK_CAPTURE_AUTORELEASING = YES;
				CLANG_WARN_BOOL_CONVERSION = YES;
				CLANG_WARN_COMMA = YES;
				CLANG_WARN_CONSTANT_CONVERSION = YES;
				CLANG_WARN_DEPRECATED_OBJC_IMPLEMENTATIONS = YES;
				CLANG_WARN_DIRECT_OBJC_ISA_USAGE = YES_ERROR;
				CLANG_WARN_DOCUMENTATION_COMMENTS = YES;
				CLANG_WARN_EMPTY_BODY = YES;
				CLANG_WARN_ENUM_CONVERSION = YES;
				CLANG_WARN_INFINITE_RECURSION = YES;
				CLANG_WARN_INT_CONVERSION = YES;
				CLANG_WARN_NON_LITERAL_NULL_CONVERSION = YES;
				CLANG_WARN_OBJC_IMPLICIT_RETAIN_SELF = YES;
				CLANG_WARN_OBJC_LITERAL_CONVERSION = YES;
				CLANG_WARN_OBJC_ROOT_CLASS = YES_ERROR;
				CLANG_WARN_QUOTED_INCLUDE_IN_FRAMEWORK_HEADER = YES;
				CLANG_WARN_RANGE_LOOP_ANALYSIS = YES;
				CLANG_WARN_STRICT_PROTOTYPES = YES;
				CLANG_WARN_SUSPICIOUS_MOVE = YES;
				CLANG_WARN_UNGUARDED_AVAILABILITY = YES_AGGRESSIVE;
				CLANG_WARN_UNREACHABLE_CODE = YES;
				CLANG_WARN__DUPLICATE_METHOD_MATCH = YES;
				COPY_PHASE_STRIP = NO;
				DEBUG_INFORMATION_FORMAT = dwarf;
				ENABLE_STRICT_OBJC_MSGSEND = YES;
				ENABLE_TESTABILITY = YES;
				GCC_C_LANGUAGE_STANDARD = gnu11;
				GCC_DYNAMIC_NO_PIC = NO;
				GCC_NO_COMMON_BLOCKS = YES;
				GCC_OPTIMIZATION_LEVEL = 0;
				GCC_PREPROCESSOR_DEFINITIONS = (
					"DEBUG=1",
					"$(inherited)",
				);
				GCC_WARN_64_TO_32_BIT_CONVERSION = YES;
				GCC_WARN_ABOUT_RETURN_TYPE = YES_ERROR;
				GCC_WARN_UNDECLARED_SELECTOR = YES;
				GCC_WARN_UNINITIALIZED_AUTOS = YES_AGGRESSIVE;
				GCC_WARN_UNUSED_FUNCTION = YES;
				GCC_WARN_UNUSED_VARIABLE = YES;
				IPHONEOS_DEPLOYMENT_TARGET = 15.2;
				MTL_ENABLE_DEBUG_INFO = INCLUDE_SOURCE;
				MTL_FAST_MATH = YES;
				ONLY_ACTIVE_ARCH = YES;
				SDKROOT = iphoneos;
				SWIFT_ACTIVE_COMPILATION_CONDITIONS = DEBUG;
				SWIFT_OPTIMIZATION_LEVEL = "-Onone";
			};
			name = Debug;
		};
		D651631D27A57C6900306BCB /* Release */ = {
			isa = XCBuildConfiguration;
			buildSettings = {
				ALWAYS_SEARCH_USER_PATHS = NO;
				CLANG_ANALYZER_NONNULL = YES;
				CLANG_ANALYZER_NUMBER_OBJECT_CONVERSION = YES_AGGRESSIVE;
				CLANG_CXX_LANGUAGE_STANDARD = "gnu++17";
				CLANG_CXX_LIBRARY = "libc++";
				CLANG_ENABLE_MODULES = YES;
				CLANG_ENABLE_OBJC_ARC = YES;
				CLANG_ENABLE_OBJC_WEAK = YES;
				CLANG_WARN_BLOCK_CAPTURE_AUTORELEASING = YES;
				CLANG_WARN_BOOL_CONVERSION = YES;
				CLANG_WARN_COMMA = YES;
				CLANG_WARN_CONSTANT_CONVERSION = YES;
				CLANG_WARN_DEPRECATED_OBJC_IMPLEMENTATIONS = YES;
				CLANG_WARN_DIRECT_OBJC_ISA_USAGE = YES_ERROR;
				CLANG_WARN_DOCUMENTATION_COMMENTS = YES;
				CLANG_WARN_EMPTY_BODY = YES;
				CLANG_WARN_ENUM_CONVERSION = YES;
				CLANG_WARN_INFINITE_RECURSION = YES;
				CLANG_WARN_INT_CONVERSION = YES;
				CLANG_WARN_NON_LITERAL_NULL_CONVERSION = YES;
				CLANG_WARN_OBJC_IMPLICIT_RETAIN_SELF = YES;
				CLANG_WARN_OBJC_LITERAL_CONVERSION = YES;
				CLANG_WARN_OBJC_ROOT_CLASS = YES_ERROR;
				CLANG_WARN_QUOTED_INCLUDE_IN_FRAMEWORK_HEADER = YES;
				CLANG_WARN_RANGE_LOOP_ANALYSIS = YES;
				CLANG_WARN_STRICT_PROTOTYPES = YES;
				CLANG_WARN_SUSPICIOUS_MOVE = YES;
				CLANG_WARN_UNGUARDED_AVAILABILITY = YES_AGGRESSIVE;
				CLANG_WARN_UNREACHABLE_CODE = YES;
				CLANG_WARN__DUPLICATE_METHOD_MATCH = YES;
				COPY_PHASE_STRIP = NO;
				DEBUG_INFORMATION_FORMAT = "dwarf-with-dsym";
				ENABLE_NS_ASSERTIONS = NO;
				ENABLE_STRICT_OBJC_MSGSEND = YES;
				GCC_C_LANGUAGE_STANDARD = gnu11;
				GCC_NO_COMMON_BLOCKS = YES;
				GCC_WARN_64_TO_32_BIT_CONVERSION = YES;
				GCC_WARN_ABOUT_RETURN_TYPE = YES_ERROR;
				GCC_WARN_UNDECLARED_SELECTOR = YES;
				GCC_WARN_UNINITIALIZED_AUTOS = YES_AGGRESSIVE;
				GCC_WARN_UNUSED_FUNCTION = YES;
				GCC_WARN_UNUSED_VARIABLE = YES;
				IPHONEOS_DEPLOYMENT_TARGET = 15.2;
				MTL_ENABLE_DEBUG_INFO = NO;
				MTL_FAST_MATH = YES;
				SDKROOT = iphoneos;
				SWIFT_COMPILATION_MODE = wholemodule;
				SWIFT_OPTIMIZATION_LEVEL = "-O";
				VALIDATE_PRODUCT = YES;
			};
			name = Release;
		};
		D651631F27A57C6900306BCB /* Debug */ = {
			isa = XCBuildConfiguration;
			buildSettings = {
				ASSETCATALOG_COMPILER_APPICON_NAME = AppIcon;
				ASSETCATALOG_COMPILER_GLOBAL_ACCENT_COLOR_NAME = AccentColor;
				CODE_SIGN_STYLE = Automatic;
				CURRENT_PROJECT_VERSION = 1;
				DEVELOPMENT_ASSET_PATHS = "\"Bookworm/Preview Content\"";
				DEVELOPMENT_TEAM = 73YFFUD89Y;
				ENABLE_PREVIEWS = YES;
				GENERATE_INFOPLIST_FILE = YES;
				INFOPLIST_KEY_UIApplicationSceneManifest_Generation = YES;
				INFOPLIST_KEY_UIApplicationSupportsIndirectInputEvents = YES;
				INFOPLIST_KEY_UILaunchScreen_Generation = YES;
				INFOPLIST_KEY_UISupportedInterfaceOrientations_iPad = "UIInterfaceOrientationPortrait UIInterfaceOrientationPortraitUpsideDown UIInterfaceOrientationLandscapeLeft UIInterfaceOrientationLandscapeRight";
				INFOPLIST_KEY_UISupportedInterfaceOrientations_iPhone = "UIInterfaceOrientationPortrait UIInterfaceOrientationLandscapeLeft UIInterfaceOrientationLandscapeRight";
				LD_RUNPATH_SEARCH_PATHS = (
					"$(inherited)",
					"@executable_path/Frameworks",
				);
				MARKETING_VERSION = 1.0;
				PRODUCT_BUNDLE_IDENTIFIER = me.igor.chernyshov.Bookworm;
				PRODUCT_NAME = "$(TARGET_NAME)";
				SWIFT_EMIT_LOC_STRINGS = YES;
				SWIFT_VERSION = 5.0;
				TARGETED_DEVICE_FAMILY = "1,2";
			};
			name = Debug;
		};
		D651632027A57C6900306BCB /* Release */ = {
			isa = XCBuildConfiguration;
			buildSettings = {
				ASSETCATALOG_COMPILER_APPICON_NAME = AppIcon;
				ASSETCATALOG_COMPILER_GLOBAL_ACCENT_COLOR_NAME = AccentColor;
				CODE_SIGN_STYLE = Automatic;
				CURRENT_PROJECT_VERSION = 1;
				DEVELOPMENT_ASSET_PATHS = "\"Bookworm/Preview Content\"";
				DEVELOPMENT_TEAM = 73YFFUD89Y;
				ENABLE_PREVIEWS = YES;
				GENERATE_INFOPLIST_FILE = YES;
				INFOPLIST_KEY_UIApplicationSceneManifest_Generation = YES;
				INFOPLIST_KEY_UIApplicationSupportsIndirectInputEvents = YES;
				INFOPLIST_KEY_UILaunchScreen_Generation = YES;
				INFOPLIST_KEY_UISupportedInterfaceOrientations_iPad = "UIInterfaceOrientationPortrait UIInterfaceOrientationPortraitUpsideDown UIInterfaceOrientationLandscapeLeft UIInterfaceOrientationLandscapeRight";
				INFOPLIST_KEY_UISupportedInterfaceOrientations_iPhone = "UIInterfaceOrientationPortrait UIInterfaceOrientationLandscapeLeft UIInterfaceOrientationLandscapeRight";
				LD_RUNPATH_SEARCH_PATHS = (
					"$(inherited)",
					"@executable_path/Frameworks",
				);
				MARKETING_VERSION = 1.0;
				PRODUCT_BUNDLE_IDENTIFIER = me.igor.chernyshov.Bookworm;
				PRODUCT_NAME = "$(TARGET_NAME)";
				SWIFT_EMIT_LOC_STRINGS = YES;
				SWIFT_VERSION = 5.0;
				TARGETED_DEVICE_FAMILY = "1,2";
			};
			name = Release;
		};
/* End XCBuildConfiguration section */

/* Begin XCConfigurationList section */
		D651630B27A57C6700306BCB /* Build configuration list for PBXProject "Bookworm" */ = {
			isa = XCConfigurationList;
			buildConfigurations = (
				D651631C27A57C6900306BCB /* Debug */,
				D651631D27A57C6900306BCB /* Release */,
			);
			defaultConfigurationIsVisible = 0;
			defaultConfigurationName = Release;
		};
		D651631E27A57C6900306BCB /* Build configuration list for PBXNativeTarget "Bookworm" */ = {
			isa = XCConfigurationList;
			buildConfigurations = (
				D651631F27A57C6900306BCB /* Debug */,
				D651632027A57C6900306BCB /* Release */,
			);
			defaultConfigurationIsVisible = 0;
			defaultConfigurationName = Release;
		};
/* End XCConfigurationList section */

/* Begin XCVersionGroup section */
		D651632927A585DC00306BCB /* Bookworm.xcdatamodeld */ = {
			isa = XCVersionGroup;
			children = (
				D651632A27A585DC00306BCB /* Bookworm.xcdatamodel */,
			);
			currentVersion = D651632A27A585DC00306BCB /* Bookworm.xcdatamodel */;
			path = Bookworm.xcdatamodeld;
			sourceTree = "<group>";
			versionGroupType = wrapper.xcdatamodel;
		};
/* End XCVersionGroup section */
	};
	rootObject = D651630827A57C6700306BCB /* Project object */;
}
