// !$*UTF8*$!
{
	archiveVersion = 1;
	classes = {
	};
	objectVersion = 55;
	objects = {

/* Begin PBXBuildFile section */
		D60163FD27E0D921002A2FEE /* FileManager+Helpers.swift in Sources */ = {isa = PBXBuildFile; fileRef = D60163FC27E0D921002A2FEE /* FileManager+Helpers.swift */; };
		D68491D427D9CDB6003423D4 /* ContextMenusView.swift in Sources */ = {isa = PBXBuildFile; fileRef = D68491D327D9CDB6003423D4 /* ContextMenusView.swift */; };
		D68491D627D9CF28003423D4 /* SwipeActionsView.swift in Sources */ = {isa = PBXBuildFile; fileRef = D68491D527D9CF28003423D4 /* SwipeActionsView.swift */; };
		D68491D827D9CFC2003423D4 /* LocalNotificationsView.swift in Sources */ = {isa = PBXBuildFile; fileRef = D68491D727D9CFC2003423D4 /* LocalNotificationsView.swift */; };
		D68491DB27D9D241003423D4 /* SamplePackage in Frameworks */ = {isa = PBXBuildFile; productRef = D68491DA27D9D241003423D4 /* SamplePackage */; };
		D68491DD27D9D24C003423D4 /* PackageManagerView.swift in Sources */ = {isa = PBXBuildFile; fileRef = D68491DC27D9D24C003423D4 /* PackageManagerView.swift */; };
		D68491DF27D9D344003423D4 /* ContentView.swift in Sources */ = {isa = PBXBuildFile; fileRef = D68491DE27D9D344003423D4 /* ContentView.swift */; };
		D68491E627DB259B003423D4 /* ProspectsView.swift in Sources */ = {isa = PBXBuildFile; fileRef = D68491E527DB259B003423D4 /* ProspectsView.swift */; };
		D68491E827DB25A1003423D4 /* MeView.swift in Sources */ = {isa = PBXBuildFile; fileRef = D68491E727DB25A1003423D4 /* MeView.swift */; };
		D68491EC27DB2852003423D4 /* Prospects.swift in Sources */ = {isa = PBXBuildFile; fileRef = D68491EB27DB2852003423D4 /* Prospects.swift */; };
		D6964D8E27DCCA9400C77DF0 /* CodeScanner in Frameworks */ = {isa = PBXBuildFile; productRef = D6964D8D27DCCA9400C77DF0 /* CodeScanner */; };
		D6964D9027DCE3CD00C77DF0 /* ImageSaver.swift in Sources */ = {isa = PBXBuildFile; fileRef = D6964D8F27DCE3CD00C77DF0 /* ImageSaver.swift */; };
		D6A8748327D74978009BA98C /* HotProspectsApp.swift in Sources */ = {isa = PBXBuildFile; fileRef = D6A8748227D74978009BA98C /* HotProspectsApp.swift */; };
		D6A8748527D74978009BA98C /* TabViewExamplesView.swift in Sources */ = {isa = PBXBuildFile; fileRef = D6A8748427D74978009BA98C /* TabViewExamplesView.swift */; };
		D6A8748727D7497A009BA98C /* Assets.xcassets in Resources */ = {isa = PBXBuildFile; fileRef = D6A8748627D7497A009BA98C /* Assets.xcassets */; };
		D6A8748A27D7497A009BA98C /* Preview Assets.xcassets in Resources */ = {isa = PBXBuildFile; fileRef = D6A8748927D7497A009BA98C /* Preview Assets.xcassets */; };
		D6A8749127D749AC009BA98C /* User.swift in Sources */ = {isa = PBXBuildFile; fileRef = D6A8749027D749AC009BA98C /* User.swift */; };
		D6A8749327D749EF009BA98C /* EditView.swift in Sources */ = {isa = PBXBuildFile; fileRef = D6A8749227D749EF009BA98C /* EditView.swift */; };
		D6A8749527D749FD009BA98C /* DisplayView.swift in Sources */ = {isa = PBXBuildFile; fileRef = D6A8749427D749FD009BA98C /* DisplayView.swift */; };
		D6A8749727D74D09009BA98C /* DelayedUpdaterView.swift in Sources */ = {isa = PBXBuildFile; fileRef = D6A8749627D74D09009BA98C /* DelayedUpdaterView.swift */; };
		D6A8749927D88449009BA98C /* DelayedUpdater.swift in Sources */ = {isa = PBXBuildFile; fileRef = D6A8749827D88449009BA98C /* DelayedUpdater.swift */; };
		D6A8749B27D8859D009BA98C /* ResultsExampleView.swift in Sources */ = {isa = PBXBuildFile; fileRef = D6A8749A27D8859D009BA98C /* ResultsExampleView.swift */; };
		D6A8749D27D88B3C009BA98C /* ImageInterpolationView.swift in Sources */ = {isa = PBXBuildFile; fileRef = D6A8749C27D88B3C009BA98C /* ImageInterpolationView.swift */; };
/* End PBXBuildFile section */

/* Begin PBXFileReference section */
		D60163FC27E0D921002A2FEE /* FileManager+Helpers.swift */ = {isa = PBXFileReference; lastKnownFileType = sourcecode.swift; path = "FileManager+Helpers.swift"; sourceTree = "<group>"; };
		D68491D327D9CDB6003423D4 /* ContextMenusView.swift */ = {isa = PBXFileReference; lastKnownFileType = sourcecode.swift; path = ContextMenusView.swift; sourceTree = "<group>"; };
		D68491D527D9CF28003423D4 /* SwipeActionsView.swift */ = {isa = PBXFileReference; lastKnownFileType = sourcecode.swift; path = SwipeActionsView.swift; sourceTree = "<group>"; };
		D68491D727D9CFC2003423D4 /* LocalNotificationsView.swift */ = {isa = PBXFileReference; lastKnownFileType = sourcecode.swift; path = LocalNotificationsView.swift; sourceTree = "<group>"; };
		D68491DC27D9D24C003423D4 /* PackageManagerView.swift */ = {isa = PBXFileReference; lastKnownFileType = sourcecode.swift; path = PackageManagerView.swift; sourceTree = "<group>"; };
		D68491DE27D9D344003423D4 /* ContentView.swift */ = {isa = PBXFileReference; lastKnownFileType = sourcecode.swift; path = ContentView.swift; sourceTree = "<group>"; };
		D68491E527DB259B003423D4 /* ProspectsView.swift */ = {isa = PBXFileReference; lastKnownFileType = sourcecode.swift; path = ProspectsView.swift; sourceTree = "<group>"; };
		D68491E727DB25A1003423D4 /* MeView.swift */ = {isa = PBXFileReference; lastKnownFileType = sourcecode.swift; path = MeView.swift; sourceTree = "<group>"; };
		D68491EB27DB2852003423D4 /* Prospects.swift */ = {isa = PBXFileReference; lastKnownFileType = sourcecode.swift; path = Prospects.swift; sourceTree = "<group>"; };
		D6964D8F27DCE3CD00C77DF0 /* ImageSaver.swift */ = {isa = PBXFileReference; lastKnownFileType = sourcecode.swift; path = ImageSaver.swift; sourceTree = "<group>"; };
		D6A8747F27D74978009BA98C /* HotProspects.app */ = {isa = PBXFileReference; explicitFileType = wrapper.application; includeInIndex = 0; path = HotProspects.app; sourceTree = BUILT_PRODUCTS_DIR; };
		D6A8748227D74978009BA98C /* HotProspectsApp.swift */ = {isa = PBXFileReference; lastKnownFileType = sourcecode.swift; path = HotProspectsApp.swift; sourceTree = "<group>"; };
		D6A8748427D74978009BA98C /* TabViewExamplesView.swift */ = {isa = PBXFileReference; lastKnownFileType = sourcecode.swift; path = TabViewExamplesView.swift; sourceTree = "<group>"; };
		D6A8748627D7497A009BA98C /* Assets.xcassets */ = {isa = PBXFileReference; lastKnownFileType = folder.assetcatalog; path = Assets.xcassets; sourceTree = "<group>"; };
		D6A8748927D7497A009BA98C /* Preview Assets.xcassets */ = {isa = PBXFileReference; lastKnownFileType = folder.assetcatalog; path = "Preview Assets.xcassets"; sourceTree = "<group>"; };
		D6A8749027D749AC009BA98C /* User.swift */ = {isa = PBXFileReference; lastKnownFileType = sourcecode.swift; path = User.swift; sourceTree = "<group>"; };
		D6A8749227D749EF009BA98C /* EditView.swift */ = {isa = PBXFileReference; lastKnownFileType = sourcecode.swift; path = EditView.swift; sourceTree = "<group>"; };
		D6A8749427D749FD009BA98C /* DisplayView.swift */ = {isa = PBXFileReference; lastKnownFileType = sourcecode.swift; path = DisplayView.swift; sourceTree = "<group>"; };
		D6A8749627D74D09009BA98C /* DelayedUpdaterView.swift */ = {isa = PBXFileReference; lastKnownFileType = sourcecode.swift; path = DelayedUpdaterView.swift; sourceTree = "<group>"; };
		D6A8749827D88449009BA98C /* DelayedUpdater.swift */ = {isa = PBXFileReference; lastKnownFileType = sourcecode.swift; path = DelayedUpdater.swift; sourceTree = "<group>"; };
		D6A8749A27D8859D009BA98C /* ResultsExampleView.swift */ = {isa = PBXFileReference; lastKnownFileType = sourcecode.swift; path = ResultsExampleView.swift; sourceTree = "<group>"; };
		D6A8749C27D88B3C009BA98C /* ImageInterpolationView.swift */ = {isa = PBXFileReference; lastKnownFileType = sourcecode.swift; path = ImageInterpolationView.swift; sourceTree = "<group>"; };
/* End PBXFileReference section */

/* Begin PBXFrameworksBuildPhase section */
		D6A8747C27D74978009BA98C /* Frameworks */ = {
			isa = PBXFrameworksBuildPhase;
			buildActionMask = 2147483647;
			files = (
				D6964D8E27DCCA9400C77DF0 /* CodeScanner in Frameworks */,
				D68491DB27D9D241003423D4 /* SamplePackage in Frameworks */,
			);
			runOnlyForDeploymentPostprocessing = 0;
		};
/* End PBXFrameworksBuildPhase section */

/* Begin PBXGroup section */
		D68491E027D9D347003423D4 /* Examples */ = {
			isa = PBXGroup;
			children = (
				D68491DC27D9D24C003423D4 /* PackageManagerView.swift */,
				D68491D727D9CFC2003423D4 /* LocalNotificationsView.swift */,
				D68491D527D9CF28003423D4 /* SwipeActionsView.swift */,
				D68491D327D9CDB6003423D4 /* ContextMenusView.swift */,
				D6A8749C27D88B3C009BA98C /* ImageInterpolationView.swift */,
				D6A8749A27D8859D009BA98C /* ResultsExampleView.swift */,
				D6A8749627D74D09009BA98C /* DelayedUpdaterView.swift */,
				D6A8749827D88449009BA98C /* DelayedUpdater.swift */,
				D6A8748427D74978009BA98C /* TabViewExamplesView.swift */,
				D6A8749227D749EF009BA98C /* EditView.swift */,
				D6A8749427D749FD009BA98C /* DisplayView.swift */,
				D6A8749027D749AC009BA98C /* User.swift */,
			);
			path = Examples;
			sourceTree = "<group>";
		};
		D6A8747627D74978009BA98C = {
			isa = PBXGroup;
			children = (
				D6A8748127D74978009BA98C /* HotProspects */,
				D6A8748027D74978009BA98C /* Products */,
			);
			sourceTree = "<group>";
		};
		D6A8748027D74978009BA98C /* Products */ = {
			isa = PBXGroup;
			children = (
				D6A8747F27D74978009BA98C /* HotProspects.app */,
			);
			name = Products;
			sourceTree = "<group>";
		};
		D6A8748127D74978009BA98C /* HotProspects */ = {
			isa = PBXGroup;
			children = (
				D6A8748227D74978009BA98C /* HotProspectsApp.swift */,
				D68491DE27D9D344003423D4 /* ContentView.swift */,
				D68491E527DB259B003423D4 /* ProspectsView.swift */,
				D68491E727DB25A1003423D4 /* MeView.swift */,
				D68491EB27DB2852003423D4 /* Prospects.swift */,
				D6964D8F27DCE3CD00C77DF0 /* ImageSaver.swift */,
				D60163FC27E0D921002A2FEE /* FileManager+Helpers.swift */,
				D68491E027D9D347003423D4 /* Examples */,
				D6A8748627D7497A009BA98C /* Assets.xcassets */,
				D6A8748827D7497A009BA98C /* Preview Content */,
			);
			path = HotProspects;
			sourceTree = "<group>";
		};
		D6A8748827D7497A009BA98C /* Preview Content */ = {
			isa = PBXGroup;
			children = (
				D6A8748927D7497A009BA98C /* Preview Assets.xcassets */,
			);
			path = "Preview Content";
			sourceTree = "<group>";
		};
/* End PBXGroup section */

/* Begin PBXNativeTarget section */
		D6A8747E27D74978009BA98C /* HotProspects */ = {
			isa = PBXNativeTarget;
			buildConfigurationList = D6A8748D27D7497A009BA98C /* Build configuration list for PBXNativeTarget "HotProspects" */;
			buildPhases = (
				D6A8747B27D74978009BA98C /* Sources */,
				D6A8747C27D74978009BA98C /* Frameworks */,
				D6A8747D27D74978009BA98C /* Resources */,
			);
			buildRules = (
			);
			dependencies = (
			);
			name = HotProspects;
			packageProductDependencies = (
				D68491DA27D9D241003423D4 /* SamplePackage */,
				D6964D8D27DCCA9400C77DF0 /* CodeScanner */,
			);
			productName = "Hot Prospects";
			productReference = D6A8747F27D74978009BA98C /* HotProspects.app */;
			productType = "com.apple.product-type.application";
		};
/* End PBXNativeTarget section */

/* Begin PBXProject section */
		D6A8747727D74978009BA98C /* Project object */ = {
			isa = PBXProject;
			attributes = {
				BuildIndependentTargetsInParallel = 1;
				LastSwiftUpdateCheck = 1320;
				LastUpgradeCheck = 1320;
				TargetAttributes = {
					D6A8747E27D74978009BA98C = {
						CreatedOnToolsVersion = 13.2.1;
					};
				};
			};
			buildConfigurationList = D6A8747A27D74978009BA98C /* Build configuration list for PBXProject "HotProspects" */;
			compatibilityVersion = "Xcode 13.0";
			developmentRegion = en;
			hasScannedForEncodings = 0;
			knownRegions = (
				en,
				Base,
			);
			mainGroup = D6A8747627D74978009BA98C;
			packageReferences = (
				D68491D927D9D241003423D4 /* XCRemoteSwiftPackageReference "SamplePackage" */,
				D6964D8C27DCCA9400C77DF0 /* XCRemoteSwiftPackageReference "CodeScanner" */,
			);
			productRefGroup = D6A8748027D74978009BA98C /* Products */;
			projectDirPath = "";
			projectRoot = "";
			targets = (
				D6A8747E27D74978009BA98C /* HotProspects */,
			);
		};
/* End PBXProject section */

/* Begin PBXResourcesBuildPhase section */
		D6A8747D27D74978009BA98C /* Resources */ = {
			isa = PBXResourcesBuildPhase;
			buildActionMask = 2147483647;
			files = (
				D6A8748A27D7497A009BA98C /* Preview Assets.xcassets in Resources */,
				D6A8748727D7497A009BA98C /* Assets.xcassets in Resources */,
			);
			runOnlyForDeploymentPostprocessing = 0;
		};
/* End PBXResourcesBuildPhase section */

/* Begin PBXSourcesBuildPhase section */
		D6A8747B27D74978009BA98C /* Sources */ = {
			isa = PBXSourcesBuildPhase;
			buildActionMask = 2147483647;
			files = (
				D60163FD27E0D921002A2FEE /* FileManager+Helpers.swift in Sources */,
				D6A8749927D88449009BA98C /* DelayedUpdater.swift in Sources */,
				D6A8748527D74978009BA98C /* TabViewExamplesView.swift in Sources */,
				D68491DF27D9D344003423D4 /* ContentView.swift in Sources */,
				D68491EC27DB2852003423D4 /* Prospects.swift in Sources */,
				D6A8749B27D8859D009BA98C /* ResultsExampleView.swift in Sources */,
				D68491E827DB25A1003423D4 /* MeView.swift in Sources */,
				D6A8748327D74978009BA98C /* HotProspectsApp.swift in Sources */,
				D6A8749727D74D09009BA98C /* DelayedUpdaterView.swift in Sources */,
				D6A8749D27D88B3C009BA98C /* ImageInterpolationView.swift in Sources */,
				D68491D627D9CF28003423D4 /* SwipeActionsView.swift in Sources */,
				D68491D427D9CDB6003423D4 /* ContextMenusView.swift in Sources */,
				D6A8749327D749EF009BA98C /* EditView.swift in Sources */,
				D6A8749527D749FD009BA98C /* DisplayView.swift in Sources */,
				D6964D9027DCE3CD00C77DF0 /* ImageSaver.swift in Sources */,
				D68491DD27D9D24C003423D4 /* PackageManagerView.swift in Sources */,
				D68491E627DB259B003423D4 /* ProspectsView.swift in Sources */,
				D6A8749127D749AC009BA98C /* User.swift in Sources */,
				D68491D827D9CFC2003423D4 /* LocalNotificationsView.swift in Sources */,
			);
			runOnlyForDeploymentPostprocessing = 0;
		};
/* End PBXSourcesBuildPhase section */

/* Begin XCBuildConfiguration section */
		D6A8748B27D7497A009BA98C /* Debug */ = {
			isa = XCBuildConfiguration;
			buildSettings = {
				ALWAYS_SEARCH_USER_PATHS = NO;
				CLANG_ANALYZER_NONNULL = YES;
				CLANG_ANALYZER_NUMBER_OBJECT_CONVERSION = YES_AGGRESSIVE;
				CLANG_CXX_LANGUAGE_STANDARD = "gnu++17";
				CLANG_CXX_LIBRARY = "libc++";
				CLANG_ENABLE_MODULES = YES;
				CLANG_ENABLE_OBJC_ARC = YES;
				CLANG_ENABLE_OBJC_WEAK = YES;
				CLANG_WARN_BLOCK_CAPTURE_AUTORELEASING = YES;
				CLANG_WARN_BOOL_CONVERSION = YES;
				CLANG_WARN_COMMA = YES;
				CLANG_WARN_CONSTANT_CONVERSION = YES;
				CLANG_WARN_DEPRECATED_OBJC_IMPLEMENTATIONS = YES;
				CLANG_WARN_DIRECT_OBJC_ISA_USAGE = YES_ERROR;
				CLANG_WARN_DOCUMENTATION_COMMENTS = YES;
				CLANG_WARN_EMPTY_BODY = YES;
				CLANG_WARN_ENUM_CONVERSION = YES;
				CLANG_WARN_INFINITE_RECURSION = YES;
				CLANG_WARN_INT_CONVERSION = YES;
				CLANG_WARN_NON_LITERAL_NULL_CONVERSION = YES;
				CLANG_WARN_OBJC_IMPLICIT_RETAIN_SELF = YES;
				CLANG_WARN_OBJC_LITERAL_CONVERSION = YES;
				CLANG_WARN_OBJC_ROOT_CLASS = YES_ERROR;
				CLANG_WARN_QUOTED_INCLUDE_IN_FRAMEWORK_HEADER = YES;
				CLANG_WARN_RANGE_LOOP_ANALYSIS = YES;
				CLANG_WARN_STRICT_PROTOTYPES = YES;
				CLANG_WARN_SUSPICIOUS_MOVE = YES;
				CLANG_WARN_UNGUARDED_AVAILABILITY = YES_AGGRESSIVE;
				CLANG_WARN_UNREACHABLE_CODE = YES;
				CLANG_WARN__DUPLICATE_METHOD_MATCH = YES;
				COPY_PHASE_STRIP = NO;
				DEBUG_INFORMATION_FORMAT = dwarf;
				ENABLE_STRICT_OBJC_MSGSEND = YES;
				ENABLE_TESTABILITY = YES;
				GCC_C_LANGUAGE_STANDARD = gnu11;
				GCC_DYNAMIC_NO_PIC = NO;
				GCC_NO_COMMON_BLOCKS = YES;
				GCC_OPTIMIZATION_LEVEL = 0;
				GCC_PREPROCESSOR_DEFINITIONS = (
					"DEBUG=1",
					"$(inherited)",
				);
				GCC_WARN_64_TO_32_BIT_CONVERSION = YES;
				GCC_WARN_ABOUT_RETURN_TYPE = YES_ERROR;
				GCC_WARN_UNDECLARED_SELECTOR = YES;
				GCC_WARN_UNINITIALIZED_AUTOS = YES_AGGRESSIVE;
				GCC_WARN_UNUSED_FUNCTION = YES;
				GCC_WARN_UNUSED_VARIABLE = YES;
				IPHONEOS_DEPLOYMENT_TARGET = 15.2;
				MTL_ENABLE_DEBUG_INFO = INCLUDE_SOURCE;
				MTL_FAST_MATH = YES;
				ONLY_ACTIVE_ARCH = YES;
				SDKROOT = iphoneos;
				SWIFT_ACTIVE_COMPILATION_CONDITIONS = DEBUG;
				SWIFT_OPTIMIZATION_LEVEL = "-Onone";
			};
			name = Debug;
		};
		D6A8748C27D7497A009BA98C /* Release */ = {
			isa = XCBuildConfiguration;
			buildSettings = {
				ALWAYS_SEARCH_USER_PATHS = NO;
				CLANG_ANALYZER_NONNULL = YES;
				CLANG_ANALYZER_NUMBER_OBJECT_CONVERSION = YES_AGGRESSIVE;
				CLANG_CXX_LANGUAGE_STANDARD = "gnu++17";
				CLANG_CXX_LIBRARY = "libc++";
				CLANG_ENABLE_MODULES = YES;
				CLANG_ENABLE_OBJC_ARC = YES;
				CLANG_ENABLE_OBJC_WEAK = YES;
				CLANG_WARN_BLOCK_CAPTURE_AUTORELEASING = YES;
				CLANG_WARN_BOOL_CONVERSION = YES;
				CLANG_WARN_COMMA = YES;
				CLANG_WARN_CONSTANT_CONVERSION = YES;
				CLANG_WARN_DEPRECATED_OBJC_IMPLEMENTATIONS = YES;
				CLANG_WARN_DIRECT_OBJC_ISA_USAGE = YES_ERROR;
				CLANG_WARN_DOCUMENTATION_COMMENTS = YES;
				CLANG_WARN_EMPTY_BODY = YES;
				CLANG_WARN_ENUM_CONVERSION = YES;
				CLANG_WARN_INFINITE_RECURSION = YES;
				CLANG_WARN_INT_CONVERSION = YES;
				CLANG_WARN_NON_LITERAL_NULL_CONVERSION = YES;
				CLANG_WARN_OBJC_IMPLICIT_RETAIN_SELF = YES;
				CLANG_WARN_OBJC_LITERAL_CONVERSION = YES;
				CLANG_WARN_OBJC_ROOT_CLASS = YES_ERROR;
				CLANG_WARN_QUOTED_INCLUDE_IN_FRAMEWORK_HEADER = YES;
				CLANG_WARN_RANGE_LOOP_ANALYSIS = YES;
				CLANG_WARN_STRICT_PROTOTYPES = YES;
				CLANG_WARN_SUSPICIOUS_MOVE = YES;
				CLANG_WARN_UNGUARDED_AVAILABILITY = YES_AGGRESSIVE;
				CLANG_WARN_UNREACHABLE_CODE = YES;
				CLANG_WARN__DUPLICATE_METHOD_MATCH = YES;
				COPY_PHASE_STRIP = NO;
				DEBUG_INFORMATION_FORMAT = "dwarf-with-dsym";
				ENABLE_NS_ASSERTIONS = NO;
				ENABLE_STRICT_OBJC_MSGSEND = YES;
				GCC_C_LANGUAGE_STANDARD = gnu11;
				GCC_NO_COMMON_BLOCKS = YES;
				GCC_WARN_64_TO_32_BIT_CONVERSION = YES;
				GCC_WARN_ABOUT_RETURN_TYPE = YES_ERROR;
				GCC_WARN_UNDECLARED_SELECTOR = YES;
				GCC_WARN_UNINITIALIZED_AUTOS = YES_AGGRESSIVE;
				GCC_WARN_UNUSED_FUNCTION = YES;
				GCC_WARN_UNUSED_VARIABLE = YES;
				IPHONEOS_DEPLOYMENT_TARGET = 15.2;
				MTL_ENABLE_DEBUG_INFO = NO;
				MTL_FAST_MATH = YES;
				SDKROOT = iphoneos;
				SWIFT_COMPILATION_MODE = wholemodule;
				SWIFT_OPTIMIZATION_LEVEL = "-O";
				VALIDATE_PRODUCT = YES;
			};
			name = Release;
		};
		D6A8748E27D7497A009BA98C /* Debug */ = {
			isa = XCBuildConfiguration;
			buildSettings = {
				ASSETCATALOG_COMPILER_APPICON_NAME = AppIcon;
				ASSETCATALOG_COMPILER_GLOBAL_ACCENT_COLOR_NAME = AccentColor;
				CODE_SIGN_STYLE = Automatic;
				CURRENT_PROJECT_VERSION = 1;
				DEVELOPMENT_ASSET_PATHS = "\"HotProspects/Preview Content\"";
				DEVELOPMENT_TEAM = 73YFFUD89Y;
				ENABLE_PREVIEWS = YES;
				GENERATE_INFOPLIST_FILE = YES;
				INFOPLIST_KEY_NSCameraUsageDescription = "We need to scan QR codes.";
				INFOPLIST_KEY_NSPhotoLibraryAddUsageDescription = "We want to save your QR code.";
				INFOPLIST_KEY_UIApplicationSceneManifest_Generation = YES;
				INFOPLIST_KEY_UIApplicationSupportsIndirectInputEvents = YES;
				INFOPLIST_KEY_UILaunchScreen_Generation = YES;
				INFOPLIST_KEY_UISupportedInterfaceOrientations_iPad = "UIInterfaceOrientationPortrait UIInterfaceOrientationPortraitUpsideDown UIInterfaceOrientationLandscapeLeft UIInterfaceOrientationLandscapeRight";
				INFOPLIST_KEY_UISupportedInterfaceOrientations_iPhone = "UIInterfaceOrientationPortrait UIInterfaceOrientationLandscapeLeft UIInterfaceOrientationLandscapeRight";
				LD_RUNPATH_SEARCH_PATHS = (
					"$(inherited)",
					"@executable_path/Frameworks",
				);
				MARKETING_VERSION = 1.0;
				PRODUCT_BUNDLE_IDENTIFIER = me.igor.chernyshov.HotProspects;
				PRODUCT_NAME = HotProspects;
				SWIFT_EMIT_LOC_STRINGS = YES;
				SWIFT_VERSION = 5.0;
				TARGETED_DEVICE_FAMILY = "1,2";
			};
			name = Debug;
		};
		D6A8748F27D7497A009BA98C /* Release */ = {
			isa = XCBuildConfiguration;
			buildSettings = {
				ASSETCATALOG_COMPILER_APPICON_NAME = AppIcon;
				ASSETCATALOG_COMPILER_GLOBAL_ACCENT_COLOR_NAME = AccentColor;
				CODE_SIGN_STYLE = Automatic;
				CURRENT_PROJECT_VERSION = 1;
				DEVELOPMENT_ASSET_PATHS = "\"HotProspects/Preview Content\"";
				DEVELOPMENT_TEAM = 73YFFUD89Y;
				ENABLE_PREVIEWS = YES;
				GENERATE_INFOPLIST_FILE = YES;
				INFOPLIST_KEY_NSCameraUsageDescription = "We need to scan QR codes.";
				INFOPLIST_KEY_NSPhotoLibraryAddUsageDescription = "We want to save your QR code.";
				INFOPLIST_KEY_UIApplicationSceneManifest_Generation = YES;
				INFOPLIST_KEY_UIApplicationSupportsIndirectInputEvents = YES;
				INFOPLIST_KEY_UILaunchScreen_Generation = YES;
				INFOPLIST_KEY_UISupportedInterfaceOrientations_iPad = "UIInterfaceOrientationPortrait UIInterfaceOrientationPortraitUpsideDown UIInterfaceOrientationLandscapeLeft UIInterfaceOrientationLandscapeRight";
				INFOPLIST_KEY_UISupportedInterfaceOrientations_iPhone = "UIInterfaceOrientationPortrait UIInterfaceOrientationLandscapeLeft UIInterfaceOrientationLandscapeRight";
				LD_RUNPATH_SEARCH_PATHS = (
					"$(inherited)",
					"@executable_path/Frameworks",
				);
				MARKETING_VERSION = 1.0;
				PRODUCT_BUNDLE_IDENTIFIER = me.igor.chernyshov.HotProspects;
				PRODUCT_NAME = HotProspects;
				SWIFT_EMIT_LOC_STRINGS = YES;
				SWIFT_VERSION = 5.0;
				TARGETED_DEVICE_FAMILY = "1,2";
			};
			name = Release;
		};
/* End XCBuildConfiguration section */

/* Begin XCConfigurationList section */
		D6A8747A27D74978009BA98C /* Build configuration list for PBXProject "HotProspects" */ = {
			isa = XCConfigurationList;
			buildConfigurations = (
				D6A8748B27D7497A009BA98C /* Debug */,
				D6A8748C27D7497A009BA98C /* Release */,
			);
			defaultConfigurationIsVisible = 0;
			defaultConfigurationName = Release;
		};
		D6A8748D27D7497A009BA98C /* Build configuration list for PBXNativeTarget "HotProspects" */ = {
			isa = XCConfigurationList;
			buildConfigurations = (
				D6A8748E27D7497A009BA98C /* Debug */,
				D6A8748F27D7497A009BA98C /* Release */,
			);
			defaultConfigurationIsVisible = 0;
			defaultConfigurationName = Release;
		};
/* End XCConfigurationList section */

/* Begin XCRemoteSwiftPackageReference section */
		D68491D927D9D241003423D4 /* XCRemoteSwiftPackageReference "SamplePackage" */ = {
			isa = XCRemoteSwiftPackageReference;
			repositoryURL = "https://github.com/twostraws/SamplePackage";
			requirement = {
				kind = upToNextMajorVersion;
				minimumVersion = 1.0.0;
			};
		};
		D6964D8C27DCCA9400C77DF0 /* XCRemoteSwiftPackageReference "CodeScanner" */ = {
			isa = XCRemoteSwiftPackageReference;
			repositoryURL = "https://github.com/twostraws/CodeScanner";
			requirement = {
				kind = upToNextMajorVersion;
				minimumVersion = 2.0.0;
			};
		};
/* End XCRemoteSwiftPackageReference section */

/* Begin XCSwiftPackageProductDependency section */
		D68491DA27D9D241003423D4 /* SamplePackage */ = {
			isa = XCSwiftPackageProductDependency;
			package = D68491D927D9D241003423D4 /* XCRemoteSwiftPackageReference "SamplePackage" */;
			productName = SamplePackage;
		};
		D6964D8D27DCCA9400C77DF0 /* CodeScanner */ = {
			isa = XCSwiftPackageProductDependency;
			package = D6964D8C27DCCA9400C77DF0 /* XCRemoteSwiftPackageReference "CodeScanner" */;
			productName = CodeScanner;
		};
/* End XCSwiftPackageProductDependency section */
	};
	rootObject = D6A8747727D74978009BA98C /* Project object */;
}
