// !$*UTF8*$!
{
	archiveVersion = 1;
	classes = {
	};
	objectVersion = 55;
	objects = {

/* Begin PBXBuildFile section */
		D60AD67627CA8B5E00F0A8A7 /* BucketListApp.swift in Sources */ = {isa = PBXBuildFile; fileRef = D60AD67527CA8B5E00F0A8A7 /* BucketListApp.swift */; };
		D60AD67827CA8B5E00F0A8A7 /* ExampleView.swift in Sources */ = {isa = PBXBuildFile; fileRef = D60AD67727CA8B5E00F0A8A7 /* ExampleView.swift */; };
		D60AD67A27CA8B5F00F0A8A7 /* Assets.xcassets in Resources */ = {isa = PBXBuildFile; fileRef = D60AD67927CA8B5F00F0A8A7 /* Assets.xcassets */; };
		D60AD67D27CA8B5F00F0A8A7 /* Preview Assets.xcassets in Resources */ = {isa = PBXBuildFile; fileRef = D60AD67C27CA8B5F00F0A8A7 /* Preview Assets.xcassets */; };
		D60AD68427CA8B8900F0A8A7 /* LoadingState.swift in Sources */ = {isa = PBXBuildFile; fileRef = D60AD68327CA8B8900F0A8A7 /* LoadingState.swift */; };
		D60AD68627CA8BA000F0A8A7 /* FileManager+Helpers.swift in Sources */ = {isa = PBXBuildFile; fileRef = D60AD68527CA8BA000F0A8A7 /* FileManager+Helpers.swift */; };
		D60AD68827CA8DE400F0A8A7 /* ExampleMapView.swift in Sources */ = {isa = PBXBuildFile; fileRef = D60AD68727CA8DE400F0A8A7 /* ExampleMapView.swift */; };
		D687C12E27CA8ECC00519F68 /* ExampleLocation.swift in Sources */ = {isa = PBXBuildFile; fileRef = D687C12D27CA8ECC00519F68 /* ExampleLocation.swift */; };
		D687C13027CB56DD00519F68 /* ContentView.swift in Sources */ = {isa = PBXBuildFile; fileRef = D687C12F27CB56DD00519F68 /* ContentView.swift */; };
		D687C13327CB595100519F68 /* Location.swift in Sources */ = {isa = PBXBuildFile; fileRef = D687C13227CB595100519F68 /* Location.swift */; };
		D687C13527CB609A00519F68 /* EditView.swift in Sources */ = {isa = PBXBuildFile; fileRef = D687C13427CB609A00519F68 /* EditView.swift */; };
		D687C13727CB8A4700519F68 /* Result.swift in Sources */ = {isa = PBXBuildFile; fileRef = D687C13627CB8A4700519F68 /* Result.swift */; };
		D687C13B27CB8E5900519F68 /* ContentView.ViewModel.swift in Sources */ = {isa = PBXBuildFile; fileRef = D687C13A27CB8E5900519F68 /* ContentView.ViewModel.swift */; };
		D687C13D27CBBD9D00519F68 /* EditView.ViewModel.swift in Sources */ = {isa = PBXBuildFile; fileRef = D687C13C27CBBD9D00519F68 /* EditView.ViewModel.swift */; };
/* End PBXBuildFile section */

/* Begin PBXFileReference section */
		D60AD67227CA8B5E00F0A8A7 /* BucketList.app */ = {isa = PBXFileReference; explicitFileType = wrapper.application; includeInIndex = 0; path = BucketList.app; sourceTree = BUILT_PRODUCTS_DIR; };
		D60AD67527CA8B5E00F0A8A7 /* BucketListApp.swift */ = {isa = PBXFileReference; lastKnownFileType = sourcecode.swift; path = BucketListApp.swift; sourceTree = "<group>"; };
		D60AD67727CA8B5E00F0A8A7 /* ExampleView.swift */ = {isa = PBXFileReference; lastKnownFileType = sourcecode.swift; path = ExampleView.swift; sourceTree = "<group>"; };
		D60AD67927CA8B5F00F0A8A7 /* Assets.xcassets */ = {isa = PBXFileReference; lastKnownFileType = folder.assetcatalog; path = Assets.xcassets; sourceTree = "<group>"; };
		D60AD67C27CA8B5F00F0A8A7 /* Preview Assets.xcassets */ = {isa = PBXFileReference; lastKnownFileType = folder.assetcatalog; path = "Preview Assets.xcassets"; sourceTree = "<group>"; };
		D60AD68327CA8B8900F0A8A7 /* LoadingState.swift */ = {isa = PBXFileReference; lastKnownFileType = sourcecode.swift; path = LoadingState.swift; sourceTree = "<group>"; };
		D60AD68527CA8BA000F0A8A7 /* FileManager+Helpers.swift */ = {isa = PBXFileReference; lastKnownFileType = sourcecode.swift; path = "FileManager+Helpers.swift"; sourceTree = "<group>"; };
		D60AD68727CA8DE400F0A8A7 /* ExampleMapView.swift */ = {isa = PBXFileReference; lastKnownFileType = sourcecode.swift; path = ExampleMapView.swift; sourceTree = "<group>"; };
		D687C12D27CA8ECC00519F68 /* ExampleLocation.swift */ = {isa = PBXFileReference; lastKnownFileType = sourcecode.swift; path = ExampleLocation.swift; sourceTree = "<group>"; };
		D687C12F27CB56DD00519F68 /* ContentView.swift */ = {isa = PBXFileReference; lastKnownFileType = sourcecode.swift; path = ContentView.swift; sourceTree = "<group>"; };
		D687C13227CB595100519F68 /* Location.swift */ = {isa = PBXFileReference; lastKnownFileType = sourcecode.swift; path = Location.swift; sourceTree = "<group>"; };
		D687C13427CB609A00519F68 /* EditView.swift */ = {isa = PBXFileReference; lastKnownFileType = sourcecode.swift; path = EditView.swift; sourceTree = "<group>"; };
		D687C13627CB8A4700519F68 /* Result.swift */ = {isa = PBXFileReference; lastKnownFileType = sourcecode.swift; path = Result.swift; sourceTree = "<group>"; };
		D687C13A27CB8E5900519F68 /* ContentView.ViewModel.swift */ = {isa = PBXFileReference; lastKnownFileType = sourcecode.swift; path = ContentView.ViewModel.swift; sourceTree = "<group>"; };
		D687C13C27CBBD9D00519F68 /* EditView.ViewModel.swift */ = {isa = PBXFileReference; lastKnownFileType = sourcecode.swift; path = EditView.ViewModel.swift; sourceTree = "<group>"; };
/* End PBXFileReference section */

/* Begin PBXFrameworksBuildPhase section */
		D60AD66F27CA8B5E00F0A8A7 /* Frameworks */ = {
			isa = PBXFrameworksBuildPhase;
			buildActionMask = 2147483647;
			files = (
			);
			runOnlyForDeploymentPostprocessing = 0;
		};
/* End PBXFrameworksBuildPhase section */

/* Begin PBXGroup section */
		D60AD66927CA8B5E00F0A8A7 = {
			isa = PBXGroup;
			children = (
				D60AD67427CA8B5E00F0A8A7 /* BucketList */,
				D60AD67327CA8B5E00F0A8A7 /* Products */,
			);
			sourceTree = "<group>";
		};
		D60AD67327CA8B5E00F0A8A7 /* Products */ = {
			isa = PBXGroup;
			children = (
				D60AD67227CA8B5E00F0A8A7 /* BucketList.app */,
			);
			name = Products;
			sourceTree = "<group>";
		};
		D60AD67427CA8B5E00F0A8A7 /* BucketList */ = {
			isa = PBXGroup;
			children = (
				D60AD67527CA8B5E00F0A8A7 /* BucketListApp.swift */,
				D687C12F27CB56DD00519F68 /* ContentView.swift */,
				D687C13A27CB8E5900519F68 /* ContentView.ViewModel.swift */,
				D687C13427CB609A00519F68 /* EditView.swift */,
				D687C13C27CBBD9D00519F68 /* EditView.ViewModel.swift */,
				D687C13227CB595100519F68 /* Location.swift */,
				D687C13627CB8A4700519F68 /* Result.swift */,
				D687C13127CB56E100519F68 /* Examples */,
				D60AD68527CA8BA000F0A8A7 /* FileManager+Helpers.swift */,
				D60AD67927CA8B5F00F0A8A7 /* Assets.xcassets */,
				D60AD67B27CA8B5F00F0A8A7 /* Preview Content */,
			);
			path = BucketList;
			sourceTree = "<group>";
		};
		D60AD67B27CA8B5F00F0A8A7 /* Preview Content */ = {
			isa = PBXGroup;
			children = (
				D60AD67C27CA8B5F00F0A8A7 /* Preview Assets.xcassets */,
			);
			path = "Preview Content";
			sourceTree = "<group>";
		};
		D687C13127CB56E100519F68 /* Examples */ = {
			isa = PBXGroup;
			children = (
				D60AD68727CA8DE400F0A8A7 /* ExampleMapView.swift */,
				D687C12D27CA8ECC00519F68 /* ExampleLocation.swift */,
				D60AD67727CA8B5E00F0A8A7 /* ExampleView.swift */,
				D60AD68327CA8B8900F0A8A7 /* LoadingState.swift */,
			);
			path = Examples;
			sourceTree = "<group>";
		};
/* End PBXGroup section */

/* Begin PBXNativeTarget section */
		D60AD67127CA8B5E00F0A8A7 /* BucketList */ = {
			isa = PBXNativeTarget;
			buildConfigurationList = D60AD68027CA8B5F00F0A8A7 /* Build configuration list for PBXNativeTarget "BucketList" */;
			buildPhases = (
				D60AD66E27CA8B5E00F0A8A7 /* Sources */,
				D60AD66F27CA8B5E00F0A8A7 /* Frameworks */,
				D60AD67027CA8B5E00F0A8A7 /* Resources */,
			);
			buildRules = (
			);
			dependencies = (
			);
			name = BucketList;
			productName = BucketList;
			productReference = D60AD67227CA8B5E00F0A8A7 /* BucketList.app */;
			productType = "com.apple.product-type.application";
		};
/* End PBXNativeTarget section */

/* Begin PBXProject section */
		D60AD66A27CA8B5E00F0A8A7 /* Project object */ = {
			isa = PBXProject;
			attributes = {
				BuildIndependentTargetsInParallel = 1;
				LastSwiftUpdateCheck = 1320;
				LastUpgradeCheck = 1320;
				TargetAttributes = {
					D60AD67127CA8B5E00F0A8A7 = {
						CreatedOnToolsVersion = 13.2.1;
					};
				};
			};
			buildConfigurationList = D60AD66D27CA8B5E00F0A8A7 /* Build configuration list for PBXProject "BucketList" */;
			compatibilityVersion = "Xcode 13.0";
			developmentRegion = en;
			hasScannedForEncodings = 0;
			knownRegions = (
				en,
				Base,
			);
			mainGroup = D60AD66927CA8B5E00F0A8A7;
			productRefGroup = D60AD67327CA8B5E00F0A8A7 /* Products */;
			projectDirPath = "";
			projectRoot = "";
			targets = (
				D60AD67127CA8B5E00F0A8A7 /* BucketList */,
			);
		};
/* End PBXProject section */

/* Begin PBXResourcesBuildPhase section */
		D60AD67027CA8B5E00F0A8A7 /* Resources */ = {
			isa = PBXResourcesBuildPhase;
			buildActionMask = 2147483647;
			files = (
				D60AD67D27CA8B5F00F0A8A7 /* Preview Assets.xcassets in Resources */,
				D60AD67A27CA8B5F00F0A8A7 /* Assets.xcassets in Resources */,
			);
			runOnlyForDeploymentPostprocessing = 0;
		};
/* End PBXResourcesBuildPhase section */

/* Begin PBXSourcesBuildPhase section */
		D60AD66E27CA8B5E00F0A8A7 /* Sources */ = {
			isa = PBXSourcesBuildPhase;
			buildActionMask = 2147483647;
			files = (
				D60AD68427CA8B8900F0A8A7 /* LoadingState.swift in Sources */,
				D687C13B27CB8E5900519F68 /* ContentView.ViewModel.swift in Sources */,
				D687C13D27CBBD9D00519F68 /* EditView.ViewModel.swift in Sources */,
				D60AD68827CA8DE400F0A8A7 /* ExampleMapView.swift in Sources */,
				D687C13327CB595100519F68 /* Location.swift in Sources */,
				D687C13027CB56DD00519F68 /* ContentView.swift in Sources */,
				D60AD68627CA8BA000F0A8A7 /* FileManager+Helpers.swift in Sources */,
				D687C13527CB609A00519F68 /* EditView.swift in Sources */,
				D687C13727CB8A4700519F68 /* Result.swift in Sources */,
				D60AD67827CA8B5E00F0A8A7 /* ExampleView.swift in Sources */,
				D687C12E27CA8ECC00519F68 /* ExampleLocation.swift in Sources */,
				D60AD67627CA8B5E00F0A8A7 /* BucketListApp.swift in Sources */,
			);
			runOnlyForDeploymentPostprocessing = 0;
		};
/* End PBXSourcesBuildPhase section */

/* Begin XCBuildConfiguration section */
		D60AD67E27CA8B5F00F0A8A7 /* Debug */ = {
			isa = XCBuildConfiguration;
			buildSettings = {
				ALWAYS_SEARCH_USER_PATHS = NO;
				CLANG_ANALYZER_NONNULL = YES;
				CLANG_ANALYZER_NUMBER_OBJECT_CONVERSION = YES_AGGRESSIVE;
				CLANG_CXX_LANGUAGE_STANDARD = "gnu++17";
				CLANG_CXX_LIBRARY = "libc++";
				CLANG_ENABLE_MODULES = YES;
				CLANG_ENABLE_OBJC_ARC = YES;
				CLANG_ENABLE_OBJC_WEAK = YES;
				CLANG_WARN_BLOCK_CAPTURE_AUTORELEASING = YES;
				CLANG_WARN_BOOL_CONVERSION = YES;
				CLANG_WARN_COMMA = YES;
				CLANG_WARN_CONSTANT_CONVERSION = YES;
				CLANG_WARN_DEPRECATED_OBJC_IMPLEMENTATIONS = YES;
				CLANG_WARN_DIRECT_OBJC_ISA_USAGE = YES_ERROR;
				CLANG_WARN_DOCUMENTATION_COMMENTS = YES;
				CLANG_WARN_EMPTY_BODY = YES;
				CLANG_WARN_ENUM_CONVERSION = YES;
				CLANG_WARN_INFINITE_RECURSION = YES;
				CLANG_WARN_INT_CONVERSION = YES;
				CLANG_WARN_NON_LITERAL_NULL_CONVERSION = YES;
				CLANG_WARN_OBJC_IMPLICIT_RETAIN_SELF = YES;
				CLANG_WARN_OBJC_LITERAL_CONVERSION = YES;
				CLANG_WARN_OBJC_ROOT_CLASS = YES_ERROR;
				CLANG_WARN_QUOTED_INCLUDE_IN_FRAMEWORK_HEADER = YES;
				CLANG_WARN_RANGE_LOOP_ANALYSIS = YES;
				CLANG_WARN_STRICT_PROTOTYPES = YES;
				CLANG_WARN_SUSPICIOUS_MOVE = YES;
				CLANG_WARN_UNGUARDED_AVAILABILITY = YES_AGGRESSIVE;
				CLANG_WARN_UNREACHABLE_CODE = YES;
				CLANG_WARN__DUPLICATE_METHOD_MATCH = YES;
				COPY_PHASE_STRIP = NO;
				DEBUG_INFORMATION_FORMAT = dwarf;
				ENABLE_STRICT_OBJC_MSGSEND = YES;
				ENABLE_TESTABILITY = YES;
				GCC_C_LANGUAGE_STANDARD = gnu11;
				GCC_DYNAMIC_NO_PIC = NO;
				GCC_NO_COMMON_BLOCKS = YES;
				GCC_OPTIMIZATION_LEVEL = 0;
				GCC_PREPROCESSOR_DEFINITIONS = (
					"DEBUG=1",
					"$(inherited)",
				);
				GCC_WARN_64_TO_32_BIT_CONVERSION = YES;
				GCC_WARN_ABOUT_RETURN_TYPE = YES_ERROR;
				GCC_WARN_UNDECLARED_SELECTOR = YES;
				GCC_WARN_UNINITIALIZED_AUTOS = YES_AGGRESSIVE;
				GCC_WARN_UNUSED_FUNCTION = YES;
				GCC_WARN_UNUSED_VARIABLE = YES;
				IPHONEOS_DEPLOYMENT_TARGET = 15.2;
				MTL_ENABLE_DEBUG_INFO = INCLUDE_SOURCE;
				MTL_FAST_MATH = YES;
				ONLY_ACTIVE_ARCH = YES;
				SDKROOT = iphoneos;
				SWIFT_ACTIVE_COMPILATION_CONDITIONS = DEBUG;
				SWIFT_OPTIMIZATION_LEVEL = "-Onone";
			};
			name = Debug;
		};
		D60AD67F27CA8B5F00F0A8A7 /* Release */ = {
			isa = XCBuildConfiguration;
			buildSettings = {
				ALWAYS_SEARCH_USER_PATHS = NO;
				CLANG_ANALYZER_NONNULL = YES;
				CLANG_ANALYZER_NUMBER_OBJECT_CONVERSION = YES_AGGRESSIVE;
				CLANG_CXX_LANGUAGE_STANDARD = "gnu++17";
				CLANG_CXX_LIBRARY = "libc++";
				CLANG_ENABLE_MODULES = YES;
				CLANG_ENABLE_OBJC_ARC = YES;
				CLANG_ENABLE_OBJC_WEAK = YES;
				CLANG_WARN_BLOCK_CAPTURE_AUTORELEASING = YES;
				CLANG_WARN_BOOL_CONVERSION = YES;
				CLANG_WARN_COMMA = YES;
				CLANG_WARN_CONSTANT_CONVERSION = YES;
				CLANG_WARN_DEPRECATED_OBJC_IMPLEMENTATIONS = YES;
				CLANG_WARN_DIRECT_OBJC_ISA_USAGE = YES_ERROR;
				CLANG_WARN_DOCUMENTATION_COMMENTS = YES;
				CLANG_WARN_EMPTY_BODY = YES;
				CLANG_WARN_ENUM_CONVERSION = YES;
				CLANG_WARN_INFINITE_RECURSION = YES;
				CLANG_WARN_INT_CONVERSION = YES;
				CLANG_WARN_NON_LITERAL_NULL_CONVERSION = YES;
				CLANG_WARN_OBJC_IMPLICIT_RETAIN_SELF = YES;
				CLANG_WARN_OBJC_LITERAL_CONVERSION = YES;
				CLANG_WARN_OBJC_ROOT_CLASS = YES_ERROR;
				CLANG_WARN_QUOTED_INCLUDE_IN_FRAMEWORK_HEADER = YES;
				CLANG_WARN_RANGE_LOOP_ANALYSIS = YES;
				CLANG_WARN_STRICT_PROTOTYPES = YES;
				CLANG_WARN_SUSPICIOUS_MOVE = YES;
				CLANG_WARN_UNGUARDED_AVAILABILITY = YES_AGGRESSIVE;
				CLANG_WARN_UNREACHABLE_CODE = YES;
				CLANG_WARN__DUPLICATE_METHOD_MATCH = YES;
				COPY_PHASE_STRIP = NO;
				DEBUG_INFORMATION_FORMAT = "dwarf-with-dsym";
				ENABLE_NS_ASSERTIONS = NO;
				ENABLE_STRICT_OBJC_MSGSEND = YES;
				GCC_C_LANGUAGE_STANDARD = gnu11;
				GCC_NO_COMMON_BLOCKS = YES;
				GCC_WARN_64_TO_32_BIT_CONVERSION = YES;
				GCC_WARN_ABOUT_RETURN_TYPE = YES_ERROR;
				GCC_WARN_UNDECLARED_SELECTOR = YES;
				GCC_WARN_UNINITIALIZED_AUTOS = YES_AGGRESSIVE;
				GCC_WARN_UNUSED_FUNCTION = YES;
				GCC_WARN_UNUSED_VARIABLE = YES;
				IPHONEOS_DEPLOYMENT_TARGET = 15.2;
				MTL_ENABLE_DEBUG_INFO = NO;
				MTL_FAST_MATH = YES;
				SDKROOT = iphoneos;
				SWIFT_COMPILATION_MODE = wholemodule;
				SWIFT_OPTIMIZATION_LEVEL = "-O";
				VALIDATE_PRODUCT = YES;
			};
			name = Release;
		};
		D60AD68127CA8B5F00F0A8A7 /* Debug */ = {
			isa = XCBuildConfiguration;
			buildSettings = {
				ASSETCATALOG_COMPILER_APPICON_NAME = AppIcon;
				ASSETCATALOG_COMPILER_GLOBAL_ACCENT_COLOR_NAME = AccentColor;
				CODE_SIGN_STYLE = Automatic;
				CURRENT_PROJECT_VERSION = 1;
				DEVELOPMENT_ASSET_PATHS = "\"BucketList/Preview Content\"";
				DEVELOPMENT_TEAM = 73YFFUD89Y;
				ENABLE_PREVIEWS = YES;
				GENERATE_INFOPLIST_FILE = YES;
				INFOPLIST_KEY_NSFaceIDUsageDescription = "Please authenticate to unlock your places";
				INFOPLIST_KEY_UIApplicationSceneManifest_Generation = YES;
				INFOPLIST_KEY_UIApplicationSupportsIndirectInputEvents = YES;
				INFOPLIST_KEY_UILaunchScreen_Generation = YES;
				INFOPLIST_KEY_UISupportedInterfaceOrientations_iPad = "UIInterfaceOrientationPortrait UIInterfaceOrientationPortraitUpsideDown UIInterfaceOrientationLandscapeLeft UIInterfaceOrientationLandscapeRight";
				INFOPLIST_KEY_UISupportedInterfaceOrientations_iPhone = "UIInterfaceOrientationPortrait UIInterfaceOrientationLandscapeLeft UIInterfaceOrientationLandscapeRight";
				LD_RUNPATH_SEARCH_PATHS = (
					"$(inherited)",
					"@executable_path/Frameworks",
				);
				MARKETING_VERSION = 1.0;
				PRODUCT_BUNDLE_IDENTIFIER = me.igor.chernyshov.BucketList;
				PRODUCT_NAME = "$(TARGET_NAME)";
				SWIFT_EMIT_LOC_STRINGS = YES;
				SWIFT_VERSION = 5.0;
				TARGETED_DEVICE_FAMILY = "1,2";
			};
			name = Debug;
		};
		D60AD68227CA8B5F00F0A8A7 /* Release */ = {
			isa = XCBuildConfiguration;
			buildSettings = {
				ASSETCATALOG_COMPILER_APPICON_NAME = AppIcon;
				ASSETCATALOG_COMPILER_GLOBAL_ACCENT_COLOR_NAME = AccentColor;
				CODE_SIGN_STYLE = Automatic;
				CURRENT_PROJECT_VERSION = 1;
				DEVELOPMENT_ASSET_PATHS = "\"BucketList/Preview Content\"";
				DEVELOPMENT_TEAM = 73YFFUD89Y;
				ENABLE_PREVIEWS = YES;
				GENERATE_INFOPLIST_FILE = YES;
				INFOPLIST_KEY_NSFaceIDUsageDescription = "Please authenticate to unlock your places";
				INFOPLIST_KEY_UIApplicationSceneManifest_Generation = YES;
				INFOPLIST_KEY_UIApplicationSupportsIndirectInputEvents = YES;
				INFOPLIST_KEY_UILaunchScreen_Generation = YES;
				INFOPLIST_KEY_UISupportedInterfaceOrientations_iPad = "UIInterfaceOrientationPortrait UIInterfaceOrientationPortraitUpsideDown UIInterfaceOrientationLandscapeLeft UIInterfaceOrientationLandscapeRight";
				INFOPLIST_KEY_UISupportedInterfaceOrientations_iPhone = "UIInterfaceOrientationPortrait UIInterfaceOrientationLandscapeLeft UIInterfaceOrientationLandscapeRight";
				LD_RUNPATH_SEARCH_PATHS = (
					"$(inherited)",
					"@executable_path/Frameworks",
				);
				MARKETING_VERSION = 1.0;
				PRODUCT_BUNDLE_IDENTIFIER = me.igor.chernyshov.BucketList;
				PRODUCT_NAME = "$(TARGET_NAME)";
				SWIFT_EMIT_LOC_STRINGS = YES;
				SWIFT_VERSION = 5.0;
				TARGETED_DEVICE_FAMILY = "1,2";
			};
			name = Release;
		};
/* End XCBuildConfiguration section */

/* Begin XCConfigurationList section */
		D60AD66D27CA8B5E00F0A8A7 /* Build configuration list for PBXProject "BucketList" */ = {
			isa = XCConfigurationList;
			buildConfigurations = (
				D60AD67E27CA8B5F00F0A8A7 /* Debug */,
				D60AD67F27CA8B5F00F0A8A7 /* Release */,
			);
			defaultConfigurationIsVisible = 0;
			defaultConfigurationName = Release;
		};
		D60AD68027CA8B5F00F0A8A7 /* Build configuration list for PBXNativeTarget "BucketList" */ = {
			isa = XCConfigurationList;
			buildConfigurations = (
				D60AD68127CA8B5F00F0A8A7 /* Debug */,
				D60AD68227CA8B5F00F0A8A7 /* Release */,
			);
			defaultConfigurationIsVisible = 0;
			defaultConfigurationName = Release;
		};
/* End XCConfigurationList section */
	};
	rootObject = D60AD66A27CA8B5E00F0A8A7 /* Project object */;
}
